// !$*UTF8*$!
{
	archiveVersion = 1;
	classes = {
	};
	objectVersion = 70;
	objects = {

/* Begin PBXContainerItemProxy section */
		B5740CFECDEC490483DD3FEA /* PBXContainerItemProxy */ = {
			isa = PBXContainerItemProxy;
			containerPortal = 29B97313FDCFA39411CA2CEA /* Project object */;
			proxyType = 1;
			remoteGlobalIDString = 8D1107260486CEB800E47090;
			remoteInfo = cooViewer;
		};
/* End PBXContainerItemProxy section */

/* Begin PBXTargetDependency section */
		91BF7CF84B2C4B899FFDEB97 /* PBXTargetDependency */ = {
			isa = PBXTargetDependency;
			target = 8D1107260486CEB800E47090 /* cooViewer */;
			targetProxy = B5740CFECDEC490483DD3FEA /* PBXContainerItemProxy */;
		};
/* End PBXTargetDependency section */

/* Begin PBXBuildFile section */
		372911581316C60C0040B910 /* empty.png in Resources */ = {isa = PBXBuildFile; fileRef = 372911571316C60C0040B910 /* empty.png */; };
		3740B9351311708D0084326B /* Localizable.strings in Resources */ = {isa = PBXBuildFile; fileRef = 3740B9341311708D0084326B /* Localizable.strings */; };
		37AD8316131AA9E600F0123C /* Quartz.framework in Frameworks */ = {isa = PBXBuildFile; fileRef = 37AD8315131AA9E600F0123C /* Quartz.framework */; settings = {ATTRIBUTES = (Weak, ); }; };
		37BB532C1312C017001710B4 /* Frameworks/UniversalDetector.framework in Frameworks */ = {isa = PBXBuildFile; fileRef = 37BB532B1312C017001710B4 /* Frameworks/UniversalDetector.framework */; };
		37BB53461312C01C001710B4 /* Frameworks/XADMaster.framework in Frameworks */ = {isa = PBXBuildFile; fileRef = 37BB53451312C01C001710B4 /* Frameworks/XADMaster.framework */; };
		37BB54D21312CADE001710B4 /* Frameworks/XADMaster.framework in CopyFiles */ = {isa = PBXBuildFile; fileRef = 37BB53451312C01C001710B4 /* Frameworks/XADMaster.framework */; settings = {ATTRIBUTES = (CodeSignOnCopy, ); }; };
		37BB54D31312CADE001710B4 /* Frameworks/UniversalDetector.framework in CopyFiles */ = {isa = PBXBuildFile; fileRef = 37BB532B1312C017001710B4 /* Frameworks/UniversalDetector.framework */; settings = {ATTRIBUTES = (CodeSignOnCopy, ); }; };
		7601F5F807D5508700457A5B /* CustomImageView.h in Headers */ = {isa = PBXBuildFile; fileRef = 7601F5F607D5508700457A5B /* CustomImageView.h */; };
		7601F5F907D5508700457A5B /* CustomImageView.m in Sources */ = {isa = PBXBuildFile; fileRef = 7601F5F707D5508700457A5B /* CustomImageView.m */; };
		761B469E0D61E95D00667B2A /* AccessoryView.h in Headers */ = {isa = PBXBuildFile; fileRef = 761B469C0D61E95D00667B2A /* AccessoryView.h */; };
		761B469F0D61E95D00667B2A /* AccessoryView.m in Sources */ = {isa = PBXBuildFile; fileRef = 761B469D0D61E95D00667B2A /* AccessoryView.m */; };
		13F55E4E41A24AA19C9B9769 /* ViewerPageGeometry.swift in Sources */ = {isa = PBXBuildFile; fileRef = 69661E1AA37C4876894F1180 /* ViewerPageGeometry.swift */; };
		31FD081B418E48ABA13ECEFC /* ViewerPageGeometry.swift in Sources */ = {isa = PBXBuildFile; fileRef = 69661E1AA37C4876894F1180 /* ViewerPageGeometry.swift */; };
		C318570306914865BC801D07 /* ViewerRecentItems.swift in Sources */ = {isa = PBXBuildFile; fileRef = 3091121F90DD41D3B2B8CD8B /* ViewerRecentItems.swift */; };
		8C98153912E84A96BE8FE104 /* ViewerRecentItems.swift in Sources */ = {isa = PBXBuildFile; fileRef = 3091121F90DD41D3B2B8CD8B /* ViewerRecentItems.swift */; };
		791D1850761348F5A17B9594 /* ViewerAccessoryGeometry.swift in Sources */ = {isa = PBXBuildFile; fileRef = 1EAD25AE59DE41CD92F8993A /* ViewerAccessoryGeometry.swift */; };
		6A15DCB5E75249A2BE1ED6C2 /* ViewerAccessoryGeometry.swift in Sources */ = {isa = PBXBuildFile; fileRef = 1EAD25AE59DE41CD92F8993A /* ViewerAccessoryGeometry.swift */; };
		984B9D1FB45A481D89DDC955 /* ViewerThumbnailMangaLayout.swift in Sources */ = {isa = PBXBuildFile; fileRef = 0D6C0864AF5A480A994A1E4D /* ViewerThumbnailMangaLayout.swift */; };
		25C2CAB9E2BA4BFAA4EBF2B0 /* ViewerLastPages.swift in Sources */ = {isa = PBXBuildFile; fileRef = B823D044B0304949ABBF71D1 /* ViewerLastPages.swift */; };
		3CA52062ECFE47B594B8023E /* ViewerLastPages.swift in Sources */ = {isa = PBXBuildFile; fileRef = B823D044B0304949ABBF71D1 /* ViewerLastPages.swift */; };
		91459EC8197940869F223A11 /* ViewerBookSettingsKey.swift in Sources */ = {isa = PBXBuildFile; fileRef = 766E19664A2F47828BC97257 /* ViewerBookSettingsKey.swift */; };
		666630CF492C4086AE55A93E /* ViewerBookSettingsKey.swift in Sources */ = {isa = PBXBuildFile; fileRef = 766E19664A2F47828BC97257 /* ViewerBookSettingsKey.swift */; };
		BC1D2703A9AA4DFB9552F1E6 /* ViewerThumbnailMangaLayout.swift in Sources */ = {isa = PBXBuildFile; fileRef = 0D6C0864AF5A480A994A1E4D /* ViewerThumbnailMangaLayout.swift */; };
		D216E5475ACC4284AB36EBB1 /* ViewerSortModeTransition.swift in Sources */ = {isa = PBXBuildFile; fileRef = 249AF7B85D724090B7B5910F /* ViewerSortModeTransition.swift */; };
		691E06277FDE4F3E9D57C5B4 /* ViewerSortModeTransition.swift in Sources */ = {isa = PBXBuildFile; fileRef = 249AF7B85D724090B7B5910F /* ViewerSortModeTransition.swift */; };
		1897CF615057443BA3A2E9B1 /* ViewerScrollDelta.swift in Sources */ = {isa = PBXBuildFile; fileRef = 8D68CDB42A784129A61341A4 /* ViewerScrollDelta.swift */; };
		00585B35313448F283290898 /* ViewerScrollDelta.swift in Sources */ = {isa = PBXBuildFile; fileRef = 8D68CDB42A784129A61341A4 /* ViewerScrollDelta.swift */; };
		F4B3A9CC299C4C9CAE8044D8 /* ViewerFitScreenTransition.swift in Sources */ = {isa = PBXBuildFile; fileRef = 3782D0A7273D4D8FBF5A556F /* ViewerFitScreenTransition.swift */; };
		1AD8F77891334D61BC0EFF90 /* ViewerFitScreenTransition.swift in Sources */ = {isa = PBXBuildFile; fileRef = 3782D0A7273D4D8FBF5A556F /* ViewerFitScreenTransition.swift */; };
		656040A4BE5B434E906C786B /* ViewerLoupeRate.swift in Sources */ = {isa = PBXBuildFile; fileRef = DB7BEE3AAFD54F27B68CDD09 /* ViewerLoupeRate.swift */; };
		D64D49E4AE2641C6A72539D9 /* ViewerLoupeRate.swift in Sources */ = {isa = PBXBuildFile; fileRef = DB7BEE3AAFD54F27B68CDD09 /* ViewerLoupeRate.swift */; };
		C2FCEB6DCA584E6A9AFDD0BE /* ViewerReadMode.swift in Sources */ = {isa = PBXBuildFile; fileRef = 40948D15EB9048D29D0C5568 /* ViewerReadMode.swift */; };
		CD0FD1EA63FC4C33AE62C89A /* ViewerReadMode.swift in Sources */ = {isa = PBXBuildFile; fileRef = 40948D15EB9048D29D0C5568 /* ViewerReadMode.swift */; };
		BFEA125060284C3688C2CEDF /* ViewerBookmarkSearch.swift in Sources */ = {isa = PBXBuildFile; fileRef = 62E96203A8644E7B906D8EA4 /* ViewerBookmarkSearch.swift */; };
		32CCDC5D18A047E0A5D0A701 /* ViewerBookmarkSearch.swift in Sources */ = {isa = PBXBuildFile; fileRef = 62E96203A8644E7B906D8EA4 /* ViewerBookmarkSearch.swift */; };
		7077C9940534473D98220C5C /* ViewerPageNavigationHost.swift in Sources */ = {isa = PBXBuildFile; fileRef = FE7C0A8EC6364CE1BCF97B3B /* ViewerPageNavigationHost.swift */; };
		E61FF16FE11E4067B38B0226 /* ViewerPageNavigationHost.swift in Sources */ = {isa = PBXBuildFile; fileRef = FE7C0A8EC6364CE1BCF97B3B /* ViewerPageNavigationHost.swift */; };
		20F018F4A18C4012892E0E91 /* ViewerPageNavigation.swift in Sources */ = {isa = PBXBuildFile; fileRef = 68792D22617C4BFBBD54290C /* ViewerPageNavigation.swift */; };
		EE71A2C559904B638C37938C /* ViewerPageNavigation.swift in Sources */ = {isa = PBXBuildFile; fileRef = 68792D22617C4BFBBD54290C /* ViewerPageNavigation.swift */; };
		62DD493C50994A40BA43E38C /* ViewerActionResolver.swift in Sources */ = {isa = PBXBuildFile; fileRef = 778685921B8543A1AF67D061 /* ViewerActionResolver.swift */; };
		5680D3FBE37D4F65917A9204 /* ViewerActionResolver.swift in Sources */ = {isa = PBXBuildFile; fileRef = 778685921B8543A1AF67D061 /* ViewerActionResolver.swift */; };
		A4628D60A8774FAA97251505 /* NSDictionary_Adding.swift in Sources */ = {isa = PBXBuildFile; fileRef = 1BA89CF8F4C9476896015379 /* NSDictionary_Adding.swift */; };
		C179A0F9BFD64B31A22DB0EB /* NSDictionary_Adding.swift in Sources */ = {isa = PBXBuildFile; fileRef = 1BA89CF8F4C9476896015379 /* NSDictionary_Adding.swift */; };
		43EF8EBCB597415C91395559 /* NSBezierPath_Adding.swift in Sources */ = {isa = PBXBuildFile; fileRef = E0003A0A3D534073B29AC5A7 /* NSBezierPath_Adding.swift */; };
		4F815D169F52411692A9EAE7 /* NSBezierPath_Adding.swift in Sources */ = {isa = PBXBuildFile; fileRef = E0003A0A3D534073B29AC5A7 /* NSBezierPath_Adding.swift */; };
		BD80065A1F404FC28C7F55C8 /* NSAttributedString_Adding.swift in Sources */ = {isa = PBXBuildFile; fileRef = 177E1B9468B04895B5CAFC6B /* NSAttributedString_Adding.swift */; };
		0148FE5C5EBD467A9B564DD1 /* NSAttributedString_Adding.swift in Sources */ = {isa = PBXBuildFile; fileRef = 177E1B9468B04895B5CAFC6B /* NSAttributedString_Adding.swift */; };
		F094903CDAF9480A9C6912FE /* NSBezierPath_Adding.h in Headers */ = {isa = PBXBuildFile; fileRef = 3F6343820A9B43298B5ACCB0 /* NSBezierPath_Adding.h */; };
		3444741418E34476AF5EBECA /* NSAttributedString_Adding.h in Headers */ = {isa = PBXBuildFile; fileRef = 820C26D9FF6348CB8FD4FBEC /* NSAttributedString_Adding.h */; };
		646858750305401D9CDA569D /* COImageLoader.m in Sources */ = {isa = PBXBuildFile; fileRef = 76344C0909595C74003761DA /* COImageLoader.m */; settings = {COMPILER_FLAGS = "-fno-objc-arc"; }; };
		6EACAA1DF1944C7889C55F47 /* COPDFImage.m in Sources */ = {isa = PBXBuildFile; fileRef = 76B88ED0097FC1D8006DDB12 /* COPDFImage.m */; settings = {COMPILER_FLAGS = "-fno-objc-arc"; }; };
		97290FC3596143A491D2C5CB /* COPDFImageRep.m in Sources */ = {isa = PBXBuildFile; fileRef = 7655CDCE09806A8F00465FD1 /* COPDFImageRep.m */; settings = {COMPILER_FLAGS = "-fno-objc-arc"; }; };
		4D6361A2D0844ACDA261931A /* XADWrapper.m in Sources */ = {isa = PBXBuildFile; fileRef = 76225B4E0D435F9400161AC8 /* XADWrapper.m */; settings = {COMPILER_FLAGS = "-fno-objc-arc"; }; };
		EB7A76F765C04375BEF74C21 /* XADItem.m in Sources */ = {isa = PBXBuildFile; fileRef = 76225CA30D43756000161AC8 /* XADItem.m */; settings = {COMPILER_FLAGS = "-fno-objc-arc"; }; };
		2A6E44EB712842E7924FED6E /* Frameworks/XADMaster.framework in Frameworks */ = {isa = PBXBuildFile; fileRef = 37BB53451312C01C001710B4 /* Frameworks/XADMaster.framework */; };
		6E30881A052A48099A4F9EE9 /* Frameworks/UniversalDetector.framework in Frameworks */ = {isa = PBXBuildFile; fileRef = 37BB532B1312C017001710B4 /* Frameworks/UniversalDetector.framework */; };
		761B46A40D61E97900667B2A /* AccessoryWindow.h in Headers */ = {isa = PBXBuildFile; fileRef = 761B46A20D61E97900667B2A /* AccessoryWindow.h */; };
		761B46A50D61E97900667B2A /* AccessoryWindow.m in Sources */ = {isa = PBXBuildFile; fileRef = 761B46A30D61E97900667B2A /* AccessoryWindow.m */; };
		7621F56808C5719B006A9301 /* InfoPlist.strings in Resources */ = {isa = PBXBuildFile; fileRef = 089C165DFE840E0CC02AAC07 /* InfoPlist.strings */; };
		7621F56D08C571A1006A9301 /* Resources/Credits.rtf in Resources */ = {isa = PBXBuildFile; fileRef = 76181B7D08BE17BC000A527E /* Resources/Credits.rtf */; };
		7622420D095288F600C888E4 /* cross.tiff in Resources */ = {isa = PBXBuildFile; fileRef = 7622420C095288F600C888E4 /* cross.tiff */; };
		762259630D426E3800161AC8 /* NSNumberFormatter_Adding.h in Headers */ = {isa = PBXBuildFile; fileRef = 762259610D426E3800161AC8 /* NSNumberFormatter_Adding.h */; };
		762259640D426E3800161AC8 /* NSNumberFormatter_Adding.m in Sources */ = {isa = PBXBuildFile; fileRef = 762259620D426E3800161AC8 /* NSNumberFormatter_Adding.m */; };
		76225B4F0D435F9400161AC8 /* XADWrapper.h in Headers */ = {isa = PBXBuildFile; fileRef = 76225B4D0D435F9400161AC8 /* XADWrapper.h */; };
		76225B500D435F9400161AC8 /* XADWrapper.m in Sources */ = {isa = PBXBuildFile; fileRef = 76225B4E0D435F9400161AC8 /* XADWrapper.m */; };
		76225CA40D43756000161AC8 /* XADItem.h in Headers */ = {isa = PBXBuildFile; fileRef = 76225CA20D43756000161AC8 /* XADItem.h */; };
		76225CA50D43756000161AC8 /* XADItem.m in Sources */ = {isa = PBXBuildFile; fileRef = 76225CA30D43756000161AC8 /* XADItem.m */; };
		76344C0A09595C74003761DA /* COImageLoader.h in Headers */ = {isa = PBXBuildFile; fileRef = 76344C0809595C74003761DA /* COImageLoader.h */; };
		76344C0B09595C74003761DA /* COImageLoader.m in Sources */ = {isa = PBXBuildFile; fileRef = 76344C0909595C74003761DA /* COImageLoader.m */; };
		763759390C3913050047DF92 /* ThumbnailMatrix.h in Headers */ = {isa = PBXBuildFile; fileRef = 763759370C3913050047DF92 /* ThumbnailMatrix.h */; };
		7637593A0C3913050047DF92 /* ThumbnailMatrix.m in Sources */ = {isa = PBXBuildFile; fileRef = 763759380C3913050047DF92 /* ThumbnailMatrix.m */; };
		763EFA1C0D3B27FB0014522D /* ThumbnailController.m in Sources */ = {isa = PBXBuildFile; fileRef = 763EFA1B0D3B27FB0014522D /* ThumbnailController.m */; };
		7644B3240D6EE315007C8AFD /* System.framework in Frameworks */ = {isa = PBXBuildFile; fileRef = 7644B3230D6EE315007C8AFD /* System.framework */; };
		7644B3260D6EE322007C8AFD /* IOKit.framework in Frameworks */ = {isa = PBXBuildFile; fileRef = 7644B3250D6EE322007C8AFD /* IOKit.framework */; };
		7644B3370D6EE434007C8AFD /* Carbon.framework in Frameworks */ = {isa = PBXBuildFile; fileRef = 7644B3360D6EE433007C8AFD /* Carbon.framework */; };
		7655CDCF09806A8F00465FD1 /* COPDFImageRep.h in Headers */ = {isa = PBXBuildFile; fileRef = 7655CDCD09806A8F00465FD1 /* COPDFImageRep.h */; };
		7655CDD009806A8F00465FD1 /* COPDFImageRep.m in Sources */ = {isa = PBXBuildFile; fileRef = 7655CDCE09806A8F00465FD1 /* COPDFImageRep.m */; };
		766DE03809936CF5004DD915 /* COColorPopUpButton.h in Headers */ = {isa = PBXBuildFile; fileRef = 766DE03609936CF4004DD915 /* COColorPopUpButton.h */; };
		766DE03909936CF5004DD915 /* COColorPopUpButton.m in Sources */ = {isa = PBXBuildFile; fileRef = 766DE03709936CF4004DD915 /* COColorPopUpButton.m */; };
		76705AE60885785900FEF4E2 /* NSString_Compare.h in Headers */ = {isa = PBXBuildFile; fileRef = 76705AE40885785900FEF4E2 /* NSString_Compare.h */; };
		862D970B2CF3409D9C9E1295 /* NSString_Compare.swift in Sources */ = {isa = PBXBuildFile; fileRef = FFA68B8189844D70B893336F /* NSString_Compare.swift */; };
		77D9DD3BE1444DA0A9B79999 /* NSString_Compare.swift in Sources */ = {isa = PBXBuildFile; fileRef = FFA68B8189844D70B893336F /* NSString_Compare.swift */; };
		768C80130838765500E6C5C8 /* left.tiff in Resources */ = {isa = PBXBuildFile; fileRef = 768C80120838765500E6C5C8 /* left.tiff */; };
		768C802F0838777900E6C5C8 /* right.tiff in Resources */ = {isa = PBXBuildFile; fileRef = 768C802E0838777900E6C5C8 /* right.tiff */; };
		768E1DEC07CC6B740023AF61 /* CustomWindow.h in Headers */ = {isa = PBXBuildFile; fileRef = 768E1DEA07CC6B740023AF61 /* CustomWindow.h */; };
		768E1DED07CC6B740023AF61 /* CustomWindow.m in Sources */ = {isa = PBXBuildFile; fileRef = 768E1DEB07CC6B740023AF61 /* CustomWindow.m */; };
		7696BFDD0C369D6F0081E12E /* COPopUpTextField.h in Headers */ = {isa = PBXBuildFile; fileRef = 7696BFDB0C369D6F0081E12E /* COPopUpTextField.h */; };
		7696BFDE0C369D6F0081E12E /* COPopUpTextField.m in Sources */ = {isa = PBXBuildFile; fileRef = 7696BFDC0C369D6F0081E12E /* COPopUpTextField.m */; };
		7696C3690C38EB740081E12E /* updown.tiff in Resources */ = {isa = PBXBuildFile; fileRef = 7696C3680C38EB740081E12E /* updown.tiff */; };
		769762A70D657268009CFDBE /* AccessorySettingView.h in Headers */ = {isa = PBXBuildFile; fileRef = 769762A50D657268009CFDBE /* AccessorySettingView.h */; };
		769762A80D657268009CFDBE /* AccessorySettingView.m in Sources */ = {isa = PBXBuildFile; fileRef = 769762A60D657268009CFDBE /* AccessorySettingView.m */; };
		76A3AA6B085716BC0009D02F /* close.tiff in Resources */ = {isa = PBXBuildFile; fileRef = 76A3AA6A085716BC0009D02F /* close.tiff */; };
		76A68049080A8E6E00440F6B /* icon.icns in Resources */ = {isa = PBXBuildFile; fileRef = 76A68048080A8E6E00440F6B /* icon.icns */; };
		76B19AC307C9C15A00A6FB97 /* Controller.h in Headers */ = {isa = PBXBuildFile; fileRef = 76B19AC107C9C15A00A6FB97 /* Controller.h */; };
		76B19AC407C9C15A00A6FB97 /* Controller.m in Sources */ = {isa = PBXBuildFile; fileRef = 76B19AC207C9C15A00A6FB97 /* Controller.m */; };
		76B88ED1097FC1D8006DDB12 /* COPDFImage.h in Headers */ = {isa = PBXBuildFile; fileRef = 76B88ECF097FC1D8006DDB12 /* COPDFImage.h */; };
		76B88ED2097FC1D8006DDB12 /* COPDFImage.m in Sources */ = {isa = PBXBuildFile; fileRef = 76B88ED0097FC1D8006DDB12 /* COPDFImage.m */; };
		76C6BEA708C2927300377076 /* PreferenceController.h in Headers */ = {isa = PBXBuildFile; fileRef = 76C6BEA508C2927300377076 /* PreferenceController.h */; };
		76C6BEA808C2927300377076 /* PreferenceController.m in Sources */ = {isa = PBXBuildFile; fileRef = 76C6BEA608C2927300377076 /* PreferenceController.m */; };
		76C79A760D3CFBA30071BBF4 /* bookmark.tiff in Resources */ = {isa = PBXBuildFile; fileRef = 76C79A720D3CFBA30071BBF4 /* bookmark.tiff */; };
		76C79A790D3CFBA30071BBF4 /* bookmark_a.tiff in Resources */ = {isa = PBXBuildFile; fileRef = 76C79A750D3CFBA30071BBF4 /* bookmark_a.tiff */; };
		76C79A7E0D3CFD0C0071BBF4 /* comic.tiff in Resources */ = {isa = PBXBuildFile; fileRef = 76C79A7C0D3CFD0C0071BBF4 /* comic.tiff */; };
		76C79A7F0D3CFD0C0071BBF4 /* comic_a.tiff in Resources */ = {isa = PBXBuildFile; fileRef = 76C79A7D0D3CFD0C0071BBF4 /* comic_a.tiff */; };
		76C79A920D3D03360071BBF4 /* base.tiff in Resources */ = {isa = PBXBuildFile; fileRef = 76C79A910D3D03360071BBF4 /* base.tiff */; };
		76CB9075097B9E110009A972 /* Controller_input.m in Sources */ = {isa = PBXBuildFile; fileRef = 76CB9073097B9E100009A972 /* Controller_input.m */; };
		76D3F8D1082F6A5100B9E97E /* ThumbnailPanel.m in Sources */ = {isa = PBXBuildFile; fileRef = 76D3F8CF082F6A5100B9E97E /* ThumbnailPanel.m */; };
		76D3F8D2082F6A5100B9E97E /* ThumbnailPanel.h in Headers */ = {isa = PBXBuildFile; fileRef = 76D3F8D0082F6A5100B9E97E /* ThumbnailPanel.h */; };
		76D5AA440D69E41C0057EF7A /* RemoteControl.h in Headers */ = {isa = PBXBuildFile; fileRef = 76D5AA400D69E41C0057EF7A /* RemoteControl.h */; };
		76D5AA450D69E41C0057EF7A /* RemoteControl.m in Sources */ = {isa = PBXBuildFile; fileRef = 76D5AA410D69E41C0057EF7A /* RemoteControl.m */; };
		76D5AA460D69E41C0057EF7A /* HIDRemoteControlDevice.h in Headers */ = {isa = PBXBuildFile; fileRef = 76D5AA420D69E41C0057EF7A /* HIDRemoteControlDevice.h */; };
		76D5AA470D69E41C0057EF7A /* HIDRemoteControlDevice.m in Sources */ = {isa = PBXBuildFile; fileRef = 76D5AA430D69E41C0057EF7A /* HIDRemoteControlDevice.m */; };
		76D5AA510D69E42D0057EF7A /* AppleRemote.h in Headers */ = {isa = PBXBuildFile; fileRef = 76D5AA490D69E42D0057EF7A /* AppleRemote.h */; };
		76D5AA520D69E42D0057EF7A /* AppleRemote.m in Sources */ = {isa = PBXBuildFile; fileRef = 76D5AA4A0D69E42D0057EF7A /* AppleRemote.m */; };
		76D80A360C36499800A5E84C /* up.tiff in Resources */ = {isa = PBXBuildFile; fileRef = 76D80A340C36499800A5E84C /* up.tiff */; };
		76E56F520D74647100128802 /* MultiClickRemoteBehavior.h in Headers */ = {isa = PBXBuildFile; fileRef = 76D5AA3D0D69E3FC0057EF7A /* MultiClickRemoteBehavior.h */; };
		76E56F530D74647400128802 /* MultiClickRemoteBehavior.m in Sources */ = {isa = PBXBuildFile; fileRef = 76D5AA3E0D69E3FC0057EF7A /* MultiClickRemoteBehavior.m */; };
		76EA136607E3FC39008EB0E1 /* BookmarkPanel.h in Headers */ = {isa = PBXBuildFile; fileRef = 76EA136407E3FC39008EB0E1 /* BookmarkPanel.h */; };
		76EA136707E3FC39008EB0E1 /* BookmarkPanel.m in Sources */ = {isa = PBXBuildFile; fileRef = 76EA136507E3FC39008EB0E1 /* BookmarkPanel.m */; };
		76EF3E3507FC11CB008D6B37 /* FullImageView.h in Headers */ = {isa = PBXBuildFile; fileRef = 76EF3E3307FC11CB008D6B37 /* FullImageView.h */; };
		76EF3E3607FC11CB008D6B37 /* FullImageView.m in Sources */ = {isa = PBXBuildFile; fileRef = 76EF3E3407FC11CB008D6B37 /* FullImageView.m */; };
		76EF3EF907FC33DB008D6B37 /* FullImagePanel.h in Headers */ = {isa = PBXBuildFile; fileRef = 76EF3EF707FC33DB008D6B37 /* FullImagePanel.h */; };
		76EF3EFA07FC33DB008D6B37 /* FullImagePanel.m in Sources */ = {isa = PBXBuildFile; fileRef = 76EF3EF807FC33DB008D6B37 /* FullImagePanel.m */; };
		76F0929A07DBF79E00643E4F /* BookmarkController.h in Headers */ = {isa = PBXBuildFile; fileRef = 76F0929807DBF79E00643E4F /* BookmarkController.h */; };
		76F0929B07DBF79E00643E4F /* BookmarkController.m in Sources */ = {isa = PBXBuildFile; fileRef = 76F0929907DBF79E00643E4F /* BookmarkController.m */; };
		76F2B6440D67329C003269BB /* COTextView.h in Headers */ = {isa = PBXBuildFile; fileRef = 76F2B6420D67329C003269BB /* COTextView.h */; };
		76F2B6450D67329C003269BB /* COTextView.m in Sources */ = {isa = PBXBuildFile; fileRef = 76F2B6430D67329C003269BB /* COTextView.m */; };
		76F33A17083727A90099A43D /* broken.png in Resources */ = {isa = PBXBuildFile; fileRef = 76F33A16083727A90099A43D /* broken.png */; };
		76FE6988082E4C6E00283560 /* ThumbnailController.h in Headers */ = {isa = PBXBuildFile; fileRef = 76FE6986082E4C6E00283560 /* ThumbnailController.h */; };
		8D11072D0486CEB800E47090 /* main.m in Sources */ = {isa = PBXBuildFile; fileRef = 29B97316FDCFA39411CA2CEA /* main.m */; settings = {ATTRIBUTES = (); }; };
		8D11072F0486CEB800E47090 /* Cocoa.framework in Frameworks */ = {isa = PBXBuildFile; fileRef = 1058C7A1FEA54F0111CA2CBB /* Cocoa.framework */; };
		A31C5A9923CA3D6300DD4E70 /* FilterPanelController.h in Headers */ = {isa = PBXBuildFile; fileRef = A31C5A9723CA3D6300DD4E70 /* FilterPanelController.h */; };
		A31C5A9A23CA3D6300DD4E70 /* FilterPanelController.m in Sources */ = {isa = PBXBuildFile; fileRef = A31C5A9823CA3D6300DD4E70 /* FilterPanelController.m */; };
		A39D6C3323BEB590002FD912 /* LoupeView.h in Headers */ = {isa = PBXBuildFile; fileRef = A39D6C3223BEB590002FD912 /* LoupeView.h */; };
		A39D6C3523BEB597002FD912 /* LoupeView.m in Sources */ = {isa = PBXBuildFile; fileRef = A39D6C3423BEB597002FD912 /* LoupeView.m */; };
		E412D4A223BE1A7400CDEAB5 /* MainMenu.xib in Resources */ = {isa = PBXBuildFile; fileRef = E412D4A023BE1A7400CDEAB5 /* MainMenu.xib */; };
/* End PBXBuildFile section */

/* Begin PBXCopyFilesBuildPhase section */
		76494FA507F72BC400B932D2 /* CopyFiles */ = {
			isa = PBXCopyFilesBuildPhase;
			buildActionMask = 2147483647;
			dstPath = "";
			dstSubfolderSpec = 10;
			files = (
				37BB54D21312CADE001710B4 /* Frameworks/XADMaster.framework in CopyFiles */,
				37BB54D31312CADE001710B4 /* Frameworks/UniversalDetector.framework in CopyFiles */,
			);
			runOnlyForDeploymentPostprocessing = 0;
		};
/* End PBXCopyFilesBuildPhase section */

/* Begin PBXFileReference section */
		089C165DFE840E0CC02AAC07 /* InfoPlist.strings */ = {isa = PBXFileReference; fileEncoding = 10; lastKnownFileType = text.plist.strings; path = InfoPlist.strings; sourceTree = "<group>"; };
		1058C7A1FEA54F0111CA2CBB /* Cocoa.framework */ = {isa = PBXFileReference; lastKnownFileType = wrapper.framework; name = Cocoa.framework; path = /System/Library/Frameworks/Cocoa.framework; sourceTree = "<absolute>"; };
		29B97316FDCFA39411CA2CEA /* main.m */ = {isa = PBXFileReference; fileEncoding = 4; lastKnownFileType = sourcecode.c.objc; path = main.m; sourceTree = "<group>"; };
		29B97324FDCFA39411CA2CEA /* AppKit.framework */ = {isa = PBXFileReference; lastKnownFileType = wrapper.framework; name = AppKit.framework; path = /System/Library/Frameworks/AppKit.framework; sourceTree = "<absolute>"; };
		29B97325FDCFA39411CA2CEA /* Foundation.framework */ = {isa = PBXFileReference; lastKnownFileType = wrapper.framework; name = Foundation.framework; path = /System/Library/Frameworks/Foundation.framework; sourceTree = "<absolute>"; };
		30DE82CA300F8D2200FEA0DE /* cooViewerTests.xctest */ = {isa = PBXFileReference; explicitFileType = wrapper.cfbundle; includeInIndex = 0; path = cooViewerTests.xctest; sourceTree = BUILT_PRODUCTS_DIR; };
		32CA4F630368D1EE00C91783 /* cooViewer_Prefix.pch */ = {isa = PBXFileReference; fileEncoding = 4; lastKnownFileType = sourcecode.c.h; path = cooViewer_Prefix.pch; sourceTree = "<group>"; };
		372911571316C60C0040B910 /* empty.png */ = {isa = PBXFileReference; lastKnownFileType = image.png; path = empty.png; sourceTree = "<group>"; };
		37AD8315131AA9E600F0123C /* Quartz.framework */ = {isa = PBXFileReference; lastKnownFileType = wrapper.framework; name = Quartz.framework; path = /System/Library/Frameworks/Quartz.framework; sourceTree = "<absolute>"; };
		37BB532B1312C017001710B4 /* Frameworks/UniversalDetector.framework */ = {isa = PBXFileReference; lastKnownFileType = wrapper.framework; path = Frameworks/UniversalDetector.framework; sourceTree = "<group>"; };
		37BB53451312C01C001710B4 /* Frameworks/XADMaster.framework */ = {isa = PBXFileReference; lastKnownFileType = wrapper.framework; path = Frameworks/XADMaster.framework; sourceTree = "<group>"; };
		7601F5F607D5508700457A5B /* CustomImageView.h */ = {isa = PBXFileReference; fileEncoding = 0; lastKnownFileType = sourcecode.c.h; path = CustomImageView.h; sourceTree = "<group>"; };
		7601F5F707D5508700457A5B /* CustomImageView.m */ = {isa = PBXFileReference; fileEncoding = 4; lastKnownFileType = sourcecode.c.objc; path = CustomImageView.m; sourceTree = "<group>"; };
		76181B7D08BE17BC000A527E /* Resources/Credits.rtf */ = {isa = PBXFileReference; lastKnownFileType = text.rtf; path = Resources/Credits.rtf; sourceTree = "<group>"; };
		761B469C0D61E95D00667B2A /* AccessoryView.h */ = {isa = PBXFileReference; fileEncoding = 4; lastKnownFileType = sourcecode.c.h; path = AccessoryView.h; sourceTree = "<group>"; };
		761B469D0D61E95D00667B2A /* AccessoryView.m */ = {isa = PBXFileReference; fileEncoding = 4; lastKnownFileType = sourcecode.c.objc; path = AccessoryView.m; sourceTree = "<group>"; };
		69661E1AA37C4876894F1180 /* ViewerPageGeometry.swift */ = {isa = PBXFileReference; lastKnownFileType = sourcecode.swift; path = ViewerPageGeometry.swift; sourceTree = "<group>"; };
		3091121F90DD41D3B2B8CD8B /* ViewerRecentItems.swift */ = {isa = PBXFileReference; lastKnownFileType = sourcecode.swift; path = ViewerRecentItems.swift; sourceTree = "<group>"; };
		1EAD25AE59DE41CD92F8993A /* ViewerAccessoryGeometry.swift */ = {isa = PBXFileReference; lastKnownFileType = sourcecode.swift; path = ViewerAccessoryGeometry.swift; sourceTree = "<group>"; };
		0D6C0864AF5A480A994A1E4D /* ViewerThumbnailMangaLayout.swift */ = {isa = PBXFileReference; lastKnownFileType = sourcecode.swift; path = ViewerThumbnailMangaLayout.swift; sourceTree = "<group>"; };
		B823D044B0304949ABBF71D1 /* ViewerLastPages.swift */ = {isa = PBXFileReference; lastKnownFileType = sourcecode.swift; path = ViewerLastPages.swift; sourceTree = "<group>"; };
		766E19664A2F47828BC97257 /* ViewerBookSettingsKey.swift */ = {isa = PBXFileReference; lastKnownFileType = sourcecode.swift; path = ViewerBookSettingsKey.swift; sourceTree = "<group>"; };
		249AF7B85D724090B7B5910F /* ViewerSortModeTransition.swift */ = {isa = PBXFileReference; lastKnownFileType = sourcecode.swift; path = ViewerSortModeTransition.swift; sourceTree = "<group>"; };
		8D68CDB42A784129A61341A4 /* ViewerScrollDelta.swift */ = {isa = PBXFileReference; lastKnownFileType = sourcecode.swift; path = ViewerScrollDelta.swift; sourceTree = "<group>"; };
		3782D0A7273D4D8FBF5A556F /* ViewerFitScreenTransition.swift */ = {isa = PBXFileReference; lastKnownFileType = sourcecode.swift; path = ViewerFitScreenTransition.swift; sourceTree = "<group>"; };
		DB7BEE3AAFD54F27B68CDD09 /* ViewerLoupeRate.swift */ = {isa = PBXFileReference; lastKnownFileType = sourcecode.swift; path = ViewerLoupeRate.swift; sourceTree = "<group>"; };
		40948D15EB9048D29D0C5568 /* ViewerReadMode.swift */ = {isa = PBXFileReference; lastKnownFileType = sourcecode.swift; path = ViewerReadMode.swift; sourceTree = "<group>"; };
		62E96203A8644E7B906D8EA4 /* ViewerBookmarkSearch.swift */ = {isa = PBXFileReference; lastKnownFileType = sourcecode.swift; path = ViewerBookmarkSearch.swift; sourceTree = "<group>"; };
		FE7C0A8EC6364CE1BCF97B3B /* ViewerPageNavigationHost.swift */ = {isa = PBXFileReference; lastKnownFileType = sourcecode.swift; path = ViewerPageNavigationHost.swift; sourceTree = "<group>"; };
		68792D22617C4BFBBD54290C /* ViewerPageNavigation.swift */ = {isa = PBXFileReference; lastKnownFileType = sourcecode.swift; path = ViewerPageNavigation.swift; sourceTree = "<group>"; };
		778685921B8543A1AF67D061 /* ViewerActionResolver.swift */ = {isa = PBXFileReference; lastKnownFileType = sourcecode.swift; path = ViewerActionResolver.swift; sourceTree = "<group>"; };
		1BA89CF8F4C9476896015379 /* NSDictionary_Adding.swift */ = {isa = PBXFileReference; lastKnownFileType = sourcecode.swift; path = NSDictionary_Adding.swift; sourceTree = "<group>"; };
		E0003A0A3D534073B29AC5A7 /* NSBezierPath_Adding.swift */ = {isa = PBXFileReference; lastKnownFileType = sourcecode.swift; path = NSBezierPath_Adding.swift; sourceTree = "<group>"; };
		177E1B9468B04895B5CAFC6B /* NSAttributedString_Adding.swift */ = {isa = PBXFileReference; lastKnownFileType = sourcecode.swift; path = NSAttributedString_Adding.swift; sourceTree = "<group>"; };
		3F6343820A9B43298B5ACCB0 /* NSBezierPath_Adding.h */ = {isa = PBXFileReference; lastKnownFileType = sourcecode.c.h; path = NSBezierPath_Adding.h; sourceTree = "<group>"; };
		820C26D9FF6348CB8FD4FBEC /* NSAttributedString_Adding.h */ = {isa = PBXFileReference; lastKnownFileType = sourcecode.c.h; path = NSAttributedString_Adding.h; sourceTree = "<group>"; };
		761B46A20D61E97900667B2A /* AccessoryWindow.h */ = {isa = PBXFileReference; fileEncoding = 4; lastKnownFileType = sourcecode.c.h; path = AccessoryWindow.h; sourceTree = "<group>"; };
		761B46A30D61E97900667B2A /* AccessoryWindow.m */ = {isa = PBXFileReference; fileEncoding = 4; lastKnownFileType = sourcecode.c.objc; path = AccessoryWindow.m; sourceTree = "<group>"; };
		7622420C095288F600C888E4 /* cross.tiff */ = {isa = PBXFileReference; lastKnownFileType = image.tiff; path = cross.tiff; sourceTree = "<group>"; };
		762259610D426E3800161AC8 /* NSNumberFormatter_Adding.h */ = {isa = PBXFileReference; fileEncoding = 4; lastKnownFileType = sourcecode.c.h; path = NSNumberFormatter_Adding.h; sourceTree = "<group>"; };
		762259620D426E3800161AC8 /* NSNumberFormatter_Adding.m */ = {isa = PBXFileReference; fileEncoding = 4; lastKnownFileType = sourcecode.c.objc; path = NSNumberFormatter_Adding.m; sourceTree = "<group>"; };
		76225B4D0D435F9400161AC8 /* XADWrapper.h */ = {isa = PBXFileReference; fileEncoding = 4; lastKnownFileType = sourcecode.c.h; path = XADWrapper.h; sourceTree = "<group>"; };
		76225B4E0D435F9400161AC8 /* XADWrapper.m */ = {isa = PBXFileReference; fileEncoding = 4; lastKnownFileType = sourcecode.c.objc; path = XADWrapper.m; sourceTree = "<group>"; };
		76225CA20D43756000161AC8 /* XADItem.h */ = {isa = PBXFileReference; fileEncoding = 4; lastKnownFileType = sourcecode.c.h; path = XADItem.h; sourceTree = "<group>"; };
		76225CA30D43756000161AC8 /* XADItem.m */ = {isa = PBXFileReference; fileEncoding = 4; lastKnownFileType = sourcecode.c.objc; path = XADItem.m; sourceTree = "<group>"; };
		76344C0809595C74003761DA /* COImageLoader.h */ = {isa = PBXFileReference; fileEncoding = 4; lastKnownFileType = sourcecode.c.h; path = COImageLoader.h; sourceTree = "<group>"; };
		76344C0909595C74003761DA /* COImageLoader.m */ = {isa = PBXFileReference; fileEncoding = 4; lastKnownFileType = sourcecode.c.objc; path = COImageLoader.m; sourceTree = "<group>"; };
		763759370C3913050047DF92 /* ThumbnailMatrix.h */ = {isa = PBXFileReference; fileEncoding = 0; lastKnownFileType = sourcecode.c.h; path = ThumbnailMatrix.h; sourceTree = "<group>"; };
		763759380C3913050047DF92 /* ThumbnailMatrix.m */ = {isa = PBXFileReference; fileEncoding = 0; lastKnownFileType = sourcecode.c.objc; path = ThumbnailMatrix.m; sourceTree = "<group>"; };
		763EFA1B0D3B27FB0014522D /* ThumbnailController.m */ = {isa = PBXFileReference; fileEncoding = 4; lastKnownFileType = sourcecode.c.objc; path = ThumbnailController.m; sourceTree = "<group>"; };
		7644B3230D6EE315007C8AFD /* System.framework */ = {isa = PBXFileReference; lastKnownFileType = wrapper.framework; name = System.framework; path = /System/Library/Frameworks/System.framework; sourceTree = "<absolute>"; };
		7644B3250D6EE322007C8AFD /* IOKit.framework */ = {isa = PBXFileReference; lastKnownFileType = wrapper.framework; name = IOKit.framework; path = /System/Library/Frameworks/IOKit.framework; sourceTree = "<absolute>"; };
		7644B3360D6EE433007C8AFD /* Carbon.framework */ = {isa = PBXFileReference; lastKnownFileType = wrapper.framework; name = Carbon.framework; path = /System/Library/Frameworks/Carbon.framework; sourceTree = "<absolute>"; };
		7655CDCD09806A8F00465FD1 /* COPDFImageRep.h */ = {isa = PBXFileReference; fileEncoding = 4; lastKnownFileType = sourcecode.c.h; path = COPDFImageRep.h; sourceTree = "<group>"; };
		7655CDCE09806A8F00465FD1 /* COPDFImageRep.m */ = {isa = PBXFileReference; fileEncoding = 4; lastKnownFileType = sourcecode.c.objc; path = COPDFImageRep.m; sourceTree = "<group>"; };
		766DE03609936CF4004DD915 /* COColorPopUpButton.h */ = {isa = PBXFileReference; fileEncoding = 4; lastKnownFileType = sourcecode.c.h; path = COColorPopUpButton.h; sourceTree = "<group>"; };
		766DE03709936CF4004DD915 /* COColorPopUpButton.m */ = {isa = PBXFileReference; fileEncoding = 4; lastKnownFileType = sourcecode.c.objc; path = COColorPopUpButton.m; sourceTree = "<group>"; };
		76705AE40885785900FEF4E2 /* NSString_Compare.h */ = {isa = PBXFileReference; fileEncoding = 4; lastKnownFileType = sourcecode.c.h; path = NSString_Compare.h; sourceTree = "<group>"; };
		FFA68B8189844D70B893336F /* NSString_Compare.swift */ = {isa = PBXFileReference; lastKnownFileType = sourcecode.swift; path = NSString_Compare.swift; sourceTree = "<group>"; };
		768C80120838765500E6C5C8 /* left.tiff */ = {isa = PBXFileReference; lastKnownFileType = image.tiff; path = left.tiff; sourceTree = "<group>"; };
		768C802E0838777900E6C5C8 /* right.tiff */ = {isa = PBXFileReference; lastKnownFileType = image.tiff; path = right.tiff; sourceTree = "<group>"; };
		768E1DEA07CC6B740023AF61 /* CustomWindow.h */ = {isa = PBXFileReference; fileEncoding = 0; lastKnownFileType = sourcecode.c.h; path = CustomWindow.h; sourceTree = "<group>"; };
		768E1DEB07CC6B740023AF61 /* CustomWindow.m */ = {isa = PBXFileReference; fileEncoding = 0; lastKnownFileType = sourcecode.c.objc; path = CustomWindow.m; sourceTree = "<group>"; };
		7696BFDB0C369D6F0081E12E /* COPopUpTextField.h */ = {isa = PBXFileReference; fileEncoding = 0; lastKnownFileType = sourcecode.c.h; path = COPopUpTextField.h; sourceTree = "<group>"; };
		7696BFDC0C369D6F0081E12E /* COPopUpTextField.m */ = {isa = PBXFileReference; fileEncoding = 0; lastKnownFileType = sourcecode.c.objc; path = COPopUpTextField.m; sourceTree = "<group>"; };
		7696C3680C38EB740081E12E /* updown.tiff */ = {isa = PBXFileReference; lastKnownFileType = image.tiff; path = updown.tiff; sourceTree = "<group>"; };
		769762A50D657268009CFDBE /* AccessorySettingView.h */ = {isa = PBXFileReference; fileEncoding = 4; lastKnownFileType = sourcecode.c.h; path = AccessorySettingView.h; sourceTree = "<group>"; };
		769762A60D657268009CFDBE /* AccessorySettingView.m */ = {isa = PBXFileReference; fileEncoding = 4; lastKnownFileType = sourcecode.c.objc; path = AccessorySettingView.m; sourceTree = "<group>"; };
		76A3AA6A085716BC0009D02F /* close.tiff */ = {isa = PBXFileReference; lastKnownFileType = image.tiff; path = close.tiff; sourceTree = "<group>"; };
		76A68048080A8E6E00440F6B /* icon.icns */ = {isa = PBXFileReference; lastKnownFileType = image.icns; path = icon.icns; sourceTree = "<group>"; };
		76B19AC107C9C15A00A6FB97 /* Controller.h */ = {isa = PBXFileReference; fileEncoding = 0; lastKnownFileType = sourcecode.c.h; path = Controller.h; sourceTree = "<group>"; };
		76B19AC207C9C15A00A6FB97 /* Controller.m */ = {isa = PBXFileReference; fileEncoding = 4; lastKnownFileType = sourcecode.c.objc; path = Controller.m; sourceTree = "<group>"; };
		76B88ECF097FC1D8006DDB12 /* COPDFImage.h */ = {isa = PBXFileReference; fileEncoding = 4; lastKnownFileType = sourcecode.c.h; path = COPDFImage.h; sourceTree = "<group>"; };
		76B88ED0097FC1D8006DDB12 /* COPDFImage.m */ = {isa = PBXFileReference; fileEncoding = 4; lastKnownFileType = sourcecode.c.objc; path = COPDFImage.m; sourceTree = "<group>"; };
		76C6BEA508C2927300377076 /* PreferenceController.h */ = {isa = PBXFileReference; fileEncoding = 4; lastKnownFileType = sourcecode.c.h; path = PreferenceController.h; sourceTree = "<group>"; };
		76C6BEA608C2927300377076 /* PreferenceController.m */ = {isa = PBXFileReference; fileEncoding = 4; lastKnownFileType = sourcecode.c.objc; path = PreferenceController.m; sourceTree = "<group>"; };
		76C79A720D3CFBA30071BBF4 /* bookmark.tiff */ = {isa = PBXFileReference; lastKnownFileType = image.tiff; path = bookmark.tiff; sourceTree = "<group>"; };
		76C79A750D3CFBA30071BBF4 /* bookmark_a.tiff */ = {isa = PBXFileReference; lastKnownFileType = image.tiff; path = bookmark_a.tiff; sourceTree = "<group>"; };
		76C79A7C0D3CFD0C0071BBF4 /* comic.tiff */ = {isa = PBXFileReference; lastKnownFileType = image.tiff; path = comic.tiff; sourceTree = "<group>"; };
		76C79A7D0D3CFD0C0071BBF4 /* comic_a.tiff */ = {isa = PBXFileReference; lastKnownFileType = image.tiff; path = comic_a.tiff; sourceTree = "<group>"; };
		76C79A910D3D03360071BBF4 /* base.tiff */ = {isa = PBXFileReference; lastKnownFileType = image.tiff; path = base.tiff; sourceTree = "<group>"; };
		76CB9073097B9E100009A972 /* Controller_input.m */ = {isa = PBXFileReference; fileEncoding = 4; lastKnownFileType = sourcecode.c.objc; path = Controller_input.m; sourceTree = "<group>"; };
		76D3F8CF082F6A5100B9E97E /* ThumbnailPanel.m */ = {isa = PBXFileReference; fileEncoding = 4; lastKnownFileType = sourcecode.c.objc; path = ThumbnailPanel.m; sourceTree = "<group>"; };
		76D3F8D0082F6A5100B9E97E /* ThumbnailPanel.h */ = {isa = PBXFileReference; fileEncoding = 4; lastKnownFileType = sourcecode.c.h; path = ThumbnailPanel.h; sourceTree = "<group>"; };
		76D5AA3D0D69E3FC0057EF7A /* MultiClickRemoteBehavior.h */ = {isa = PBXFileReference; lastKnownFileType = sourcecode.c.h; path = MultiClickRemoteBehavior.h; sourceTree = "<group>"; };
		76D5AA3E0D69E3FC0057EF7A /* MultiClickRemoteBehavior.m */ = {isa = PBXFileReference; lastKnownFileType = sourcecode.c.objc; path = MultiClickRemoteBehavior.m; sourceTree = "<group>"; };
		76D5AA400D69E41C0057EF7A /* RemoteControl.h */ = {isa = PBXFileReference; fileEncoding = 0; lastKnownFileType = sourcecode.c.h; path = RemoteControl.h; sourceTree = "<group>"; };
		76D5AA410D69E41C0057EF7A /* RemoteControl.m */ = {isa = PBXFileReference; fileEncoding = 0; lastKnownFileType = sourcecode.c.objc; path = RemoteControl.m; sourceTree = "<group>"; };
		76D5AA420D69E41C0057EF7A /* HIDRemoteControlDevice.h */ = {isa = PBXFileReference; fileEncoding = 0; lastKnownFileType = sourcecode.c.h; path = HIDRemoteControlDevice.h; sourceTree = "<group>"; };
		76D5AA430D69E41C0057EF7A /* HIDRemoteControlDevice.m */ = {isa = PBXFileReference; fileEncoding = 0; lastKnownFileType = sourcecode.c.objc; path = HIDRemoteControlDevice.m; sourceTree = "<group>"; };
		76D5AA490D69E42D0057EF7A /* AppleRemote.h */ = {isa = PBXFileReference; fileEncoding = 0; lastKnownFileType = sourcecode.c.h; path = AppleRemote.h; sourceTree = "<group>"; };
		76D5AA4A0D69E42D0057EF7A /* AppleRemote.m */ = {isa = PBXFileReference; fileEncoding = 0; lastKnownFileType = sourcecode.c.objc; path = AppleRemote.m; sourceTree = "<group>"; };
		76D80A340C36499800A5E84C /* up.tiff */ = {isa = PBXFileReference; lastKnownFileType = image.tiff; path = up.tiff; sourceTree = "<group>"; };
		76EA136407E3FC39008EB0E1 /* BookmarkPanel.h */ = {isa = PBXFileReference; fileEncoding = 0; lastKnownFileType = sourcecode.c.h; path = BookmarkPanel.h; sourceTree = "<group>"; };
		76EA136507E3FC39008EB0E1 /* BookmarkPanel.m */ = {isa = PBXFileReference; fileEncoding = 0; lastKnownFileType = sourcecode.c.objc; path = BookmarkPanel.m; sourceTree = "<group>"; };
		76EF3E3307FC11CB008D6B37 /* FullImageView.h */ = {isa = PBXFileReference; fileEncoding = 4; lastKnownFileType = sourcecode.c.h; path = FullImageView.h; sourceTree = "<group>"; };
		76EF3E3407FC11CB008D6B37 /* FullImageView.m */ = {isa = PBXFileReference; fileEncoding = 4; lastKnownFileType = sourcecode.c.objc; path = FullImageView.m; sourceTree = "<group>"; };
		76EF3EF707FC33DB008D6B37 /* FullImagePanel.h */ = {isa = PBXFileReference; fileEncoding = 4; lastKnownFileType = sourcecode.c.h; path = FullImagePanel.h; sourceTree = "<group>"; };
		76EF3EF807FC33DB008D6B37 /* FullImagePanel.m */ = {isa = PBXFileReference; fileEncoding = 0; lastKnownFileType = sourcecode.c.objc; path = FullImagePanel.m; sourceTree = "<group>"; };
		76F0929807DBF79E00643E4F /* BookmarkController.h */ = {isa = PBXFileReference; fileEncoding = 0; lastKnownFileType = sourcecode.c.h; path = BookmarkController.h; sourceTree = "<group>"; };
		76F0929907DBF79E00643E4F /* BookmarkController.m */ = {isa = PBXFileReference; fileEncoding = 0; lastKnownFileType = sourcecode.c.objc; path = BookmarkController.m; sourceTree = "<group>"; };
		76F2B6420D67329C003269BB /* COTextView.h */ = {isa = PBXFileReference; fileEncoding = 4; lastKnownFileType = sourcecode.c.h; path = COTextView.h; sourceTree = "<group>"; };
		76F2B6430D67329C003269BB /* COTextView.m */ = {isa = PBXFileReference; fileEncoding = 4; lastKnownFileType = sourcecode.c.objc; path = COTextView.m; sourceTree = "<group>"; };
		76F33A16083727A90099A43D /* broken.png */ = {isa = PBXFileReference; lastKnownFileType = image.png; path = broken.png; sourceTree = "<group>"; };
		76FE6986082E4C6E00283560 /* ThumbnailController.h */ = {isa = PBXFileReference; fileEncoding = 4; lastKnownFileType = sourcecode.c.h; path = ThumbnailController.h; sourceTree = "<group>"; };
		8D1107310486CEB800E47090 /* Info.plist */ = {isa = PBXFileReference; fileEncoding = 4; lastKnownFileType = text.plist; path = Info.plist; sourceTree = "<group>"; };
		8D1107320486CEB800E47090 /* cooViewer.app */ = {isa = PBXFileReference; explicitFileType = wrapper.application; includeInIndex = 0; path = cooViewer.app; sourceTree = BUILT_PRODUCTS_DIR; };
		A31C5A9723CA3D6300DD4E70 /* FilterPanelController.h */ = {isa = PBXFileReference; fileEncoding = 4; lastKnownFileType = sourcecode.c.h; path = FilterPanelController.h; sourceTree = "<group>"; };
		A31C5A9823CA3D6300DD4E70 /* FilterPanelController.m */ = {isa = PBXFileReference; fileEncoding = 4; lastKnownFileType = sourcecode.c.objc; path = FilterPanelController.m; sourceTree = "<group>"; };
		A3582E2123BBB03500DCC566 /* en */ = {isa = PBXFileReference; fileEncoding = 4; lastKnownFileType = text.plist.strings; name = en; path = Resources/en.lproj/Localizable.strings; sourceTree = "<group>"; };
		A39D6C3223BEB590002FD912 /* LoupeView.h */ = {isa = PBXFileReference; fileEncoding = 4; lastKnownFileType = sourcecode.c.h; path = LoupeView.h; sourceTree = "<group>"; };
		A39D6C3423BEB597002FD912 /* LoupeView.m */ = {isa = PBXFileReference; fileEncoding = 4; lastKnownFileType = sourcecode.c.objc; path = LoupeView.m; sourceTree = "<group>"; };
		A39D6C8823BF85C4002FD912 /* ja */ = {isa = PBXFileReference; fileEncoding = 4; lastKnownFileType = text.plist.strings; name = ja; path = Resources/ja.lproj/Localizable.strings; sourceTree = "<group>"; };
		A39D6C8923BF85D6002FD912 /* ja */ = {isa = PBXFileReference; fileEncoding = 4; lastKnownFileType = text.plist.strings; name = ja; path = Resources/ja.lproj/MainMenu.strings; sourceTree = "<group>"; };
		A39D6C8A23BF8667002FD912 /* Base */ = {isa = PBXFileReference; lastKnownFileType = file.xib; name = Base; path = Resources/Base.lproj/MainMenu.xib; sourceTree = "<group>"; };
/* End PBXFileReference section */

/* Begin PBXFileSystemSynchronizedRootGroup section */
		30DE82CB300F8D2200FEA0DE /* cooViewerTests */ = {isa = PBXFileSystemSynchronizedRootGroup; explicitFileTypes = {}; explicitFolders = (); path = cooViewerTests; sourceTree = "<group>"; };
/* End PBXFileSystemSynchronizedRootGroup section */

/* Begin PBXFrameworksBuildPhase section */
		30DE82C7300F8D2200FEA0DE /* Frameworks */ = {
			isa = PBXFrameworksBuildPhase;
			buildActionMask = 2147483647;
			files = (
				2A6E44EB712842E7924FED6E /* Frameworks/XADMaster.framework in Frameworks */,
				6E30881A052A48099A4F9EE9 /* Frameworks/UniversalDetector.framework in Frameworks */,
			);
			runOnlyForDeploymentPostprocessing = 0;
		};
		8D11072E0486CEB800E47090 /* Frameworks */ = {
			isa = PBXFrameworksBuildPhase;
			buildActionMask = 2147483647;
			files = (
				8D11072F0486CEB800E47090 /* Cocoa.framework in Frameworks */,
				7644B3240D6EE315007C8AFD /* System.framework in Frameworks */,
				7644B3260D6EE322007C8AFD /* IOKit.framework in Frameworks */,
				7644B3370D6EE434007C8AFD /* Carbon.framework in Frameworks */,
				37BB53461312C01C001710B4 /* Frameworks/XADMaster.framework in Frameworks */,
				37BB532C1312C017001710B4 /* Frameworks/UniversalDetector.framework in Frameworks */,
				37AD8316131AA9E600F0123C /* Quartz.framework in Frameworks */,
			);
			runOnlyForDeploymentPostprocessing = 0;
		};
/* End PBXFrameworksBuildPhase section */

/* Begin PBXGroup section */
		080E96DDFE201D6D7F000001 /* Classes */ = {
			isa = PBXGroup;
			children = (
				7686266A09514775006BFAAC /* main */,
				A31C5A9623CA3D4700DD4E70 /* filter */,
				768626680951473B006BFAAC /* preference */,
				7686266B09514777006BFAAC /* bookmark */,
				7686266709514730006BFAAC /* thumbnail */,
				76344BB5095958E1003761DA /* item */,
				76D5AA3B0D69E3D30057EF7A /* Remote Controll Wrapper */,
				76EF34C70D4CE64900211B2E /* Category */,
			);
			name = Classes;
			sourceTree = "<group>";
		};
		1058C7A0FEA54F0111CA2CBB /* Linked Frameworks */ = {
			isa = PBXGroup;
			children = (
				37BB53451312C01C001710B4 /* Frameworks/XADMaster.framework */,
				37BB532B1312C017001710B4 /* Frameworks/UniversalDetector.framework */,
				1058C7A1FEA54F0111CA2CBB /* Cocoa.framework */,
			);
			name = "Linked Frameworks";
			sourceTree = "<group>";
		};
		1058C7A2FEA54F0111CA2CBB /* Other Frameworks */ = {
			isa = PBXGroup;
			children = (
				29B97325FDCFA39411CA2CEA /* Foundation.framework */,
				29B97324FDCFA39411CA2CEA /* AppKit.framework */,
			);
			name = "Other Frameworks";
			sourceTree = "<group>";
		};
		19C28FACFE9D520D11CA2CBB /* Products */ = {
			isa = PBXGroup;
			children = (
				8D1107320486CEB800E47090 /* cooViewer.app */,
				30DE82CA300F8D2200FEA0DE /* cooViewerTests.xctest */,
			);
			name = Products;
			sourceTree = "<group>";
		};
		29B97314FDCFA39411CA2CEA /* cooViewer */ = {
			isa = PBXGroup;
			children = (
				080E96DDFE201D6D7F000001 /* Classes */,
				29B97315FDCFA39411CA2CEA /* Other Sources */,
				29B97317FDCFA39411CA2CEA /* Resources */,
				30DE82CB300F8D2200FEA0DE /* cooViewerTests */,
				29B97323FDCFA39411CA2CEA /* Frameworks */,
				19C28FACFE9D520D11CA2CBB /* Products */,
			);
			name = cooViewer;
			sourceTree = "<group>";
		};
		29B97315FDCFA39411CA2CEA /* Other Sources */ = {
			isa = PBXGroup;
			children = (
				32CA4F630368D1EE00C91783 /* cooViewer_Prefix.pch */,
				29B97316FDCFA39411CA2CEA /* main.m */,
			);
			name = "Other Sources";
			sourceTree = "<group>";
		};
		29B97317FDCFA39411CA2CEA /* Resources */ = {
			isa = PBXGroup;
			children = (
				E412D4A023BE1A7400CDEAB5 /* MainMenu.xib */,
				76181B7D08BE17BC000A527E /* Resources/Credits.rtf */,
				089C165DFE840E0CC02AAC07 /* InfoPlist.strings */,
				8D1107310486CEB800E47090 /* Info.plist */,
				3740B9341311708D0084326B /* Localizable.strings */,
				76EF34BA0D4CE5FD00211B2E /* image */,
			);
			name = Resources;
			sourceTree = "<group>";
		};
		29B97323FDCFA39411CA2CEA /* Frameworks */ = {
			isa = PBXGroup;
			children = (
				37AD8315131AA9E600F0123C /* Quartz.framework */,
				7644B3360D6EE433007C8AFD /* Carbon.framework */,
				7644B3250D6EE322007C8AFD /* IOKit.framework */,
				7644B3230D6EE315007C8AFD /* System.framework */,
				1058C7A0FEA54F0111CA2CBB /* Linked Frameworks */,
				1058C7A2FEA54F0111CA2CBB /* Other Frameworks */,
			);
			name = Frameworks;
			sourceTree = "<group>";
		};
		76344BB5095958E1003761DA /* item */ = {
			isa = PBXGroup;
			children = (
				76344C0809595C74003761DA /* COImageLoader.h */,
				76344C0909595C74003761DA /* COImageLoader.m */,
				7655CDB1098068D600465FD1 /* pdf */,
				768626690951473D006BFAAC /* archive */,
			);
			name = item;
			path = Sources/Loader;
			sourceTree = "<group>";
		};
		7655CDB1098068D600465FD1 /* pdf */ = {
			isa = PBXGroup;
			children = (
				76B88ECF097FC1D8006DDB12 /* COPDFImage.h */,
				76B88ED0097FC1D8006DDB12 /* COPDFImage.m */,
				7655CDCD09806A8F00465FD1 /* COPDFImageRep.h */,
				7655CDCE09806A8F00465FD1 /* COPDFImageRep.m */,
			);
			name = pdf;
			sourceTree = "<group>";
		};
		7686266709514730006BFAAC /* thumbnail */ = {
			isa = PBXGroup;
			children = (
				76FE6986082E4C6E00283560 /* ThumbnailController.h */,
				763EFA1B0D3B27FB0014522D /* ThumbnailController.m */,
				76D3F8D0082F6A5100B9E97E /* ThumbnailPanel.h */,
				76D3F8CF082F6A5100B9E97E /* ThumbnailPanel.m */,
				7696BFDB0C369D6F0081E12E /* COPopUpTextField.h */,
				7696BFDC0C369D6F0081E12E /* COPopUpTextField.m */,
				763759370C3913050047DF92 /* ThumbnailMatrix.h */,
				763759380C3913050047DF92 /* ThumbnailMatrix.m */,
				0D6C0864AF5A480A994A1E4D /* ViewerThumbnailMangaLayout.swift */,
			);
			name = thumbnail;
			path = Sources/Panels/Thumbnail;
			sourceTree = "<group>";
		};
		768626680951473B006BFAAC /* preference */ = {
			isa = PBXGroup;
			children = (
				76C6BEA508C2927300377076 /* PreferenceController.h */,
				76C6BEA608C2927300377076 /* PreferenceController.m */,
				766DE03609936CF4004DD915 /* COColorPopUpButton.h */,
				766DE03709936CF4004DD915 /* COColorPopUpButton.m */,
				76F2B6420D67329C003269BB /* COTextView.h */,
				76F2B6430D67329C003269BB /* COTextView.m */,
			);
			name = preference;
			path = Sources/Panels/Preference;
			sourceTree = "<group>";
		};
		768626690951473D006BFAAC /* archive */ = {
			isa = PBXGroup;
			children = (
				76225CA20D43756000161AC8 /* XADItem.h */,
				76225CA30D43756000161AC8 /* XADItem.m */,
				76225B4D0D435F9400161AC8 /* XADWrapper.h */,
				76225B4E0D435F9400161AC8 /* XADWrapper.m */,
			);
			name = archive;
			sourceTree = "<group>";
		};
		7686266A09514775006BFAAC /* main */ = {
			isa = PBXGroup;
			children = (
				76CB9167097BA6750009A972 /* mainController */,
				76CB9168097BA68B0009A972 /* mainWindow */,
				76AE418D0D46394F008AD4A1 /* FullImageWindow */,
			);
			name = main;
			sourceTree = "<group>";
		};
		7686266B09514777006BFAAC /* bookmark */ = {
			isa = PBXGroup;
			children = (
				76EA136407E3FC39008EB0E1 /* BookmarkPanel.h */,
				76EA136507E3FC39008EB0E1 /* BookmarkPanel.m */,
				76F0929807DBF79E00643E4F /* BookmarkController.h */,
				76F0929907DBF79E00643E4F /* BookmarkController.m */,
			);
			name = bookmark;
			path = Sources/Panels/Bookmark;
			sourceTree = "<group>";
		};
		76AE418D0D46394F008AD4A1 /* FullImageWindow */ = {
			isa = PBXGroup;
			children = (
				76EF3EF707FC33DB008D6B37 /* FullImagePanel.h */,
				76EF3EF807FC33DB008D6B37 /* FullImagePanel.m */,
				76EF3E3307FC11CB008D6B37 /* FullImageView.h */,
				76EF3E3407FC11CB008D6B37 /* FullImageView.m */,
			);
			name = FullImageWindow;
			path = Sources/Panels/FullImage;
			sourceTree = "<group>";
		};
		76CB9167097BA6750009A972 /* mainController */ = {
			isa = PBXGroup;
			children = (
				76B19AC107C9C15A00A6FB97 /* Controller.h */,
				76B19AC207C9C15A00A6FB97 /* Controller.m */,
				76CB9073097B9E100009A972 /* Controller_input.m */,
				69661E1AA37C4876894F1180 /* ViewerPageGeometry.swift */,
				3091121F90DD41D3B2B8CD8B /* ViewerRecentItems.swift */,
				B823D044B0304949ABBF71D1 /* ViewerLastPages.swift */,
				766E19664A2F47828BC97257 /* ViewerBookSettingsKey.swift */,
				778685921B8543A1AF67D061 /* ViewerActionResolver.swift */,
				249AF7B85D724090B7B5910F /* ViewerSortModeTransition.swift */,
				8D68CDB42A784129A61341A4 /* ViewerScrollDelta.swift */,
				3782D0A7273D4D8FBF5A556F /* ViewerFitScreenTransition.swift */,
				DB7BEE3AAFD54F27B68CDD09 /* ViewerLoupeRate.swift */,
				40948D15EB9048D29D0C5568 /* ViewerReadMode.swift */,
				62E96203A8644E7B906D8EA4 /* ViewerBookmarkSearch.swift */,
				FE7C0A8EC6364CE1BCF97B3B /* ViewerPageNavigationHost.swift */,
				68792D22617C4BFBBD54290C /* ViewerPageNavigation.swift */,
			);
			name = mainController;
			path = Sources/Controller;
			sourceTree = "<group>";
		};
		76CB9168097BA68B0009A972 /* mainWindow */ = {
			isa = PBXGroup;
			children = (
				768E1DEA07CC6B740023AF61 /* CustomWindow.h */,
				768E1DEB07CC6B740023AF61 /* CustomWindow.m */,
				7601F5F607D5508700457A5B /* CustomImageView.h */,
				7601F5F707D5508700457A5B /* CustomImageView.m */,
				761B46A20D61E97900667B2A /* AccessoryWindow.h */,
				761B46A30D61E97900667B2A /* AccessoryWindow.m */,
				761B469C0D61E95D00667B2A /* AccessoryView.h */,
				761B469D0D61E95D00667B2A /* AccessoryView.m */,
				769762A50D657268009CFDBE /* AccessorySettingView.h */,
				769762A60D657268009CFDBE /* AccessorySettingView.m */,
				1EAD25AE59DE41CD92F8993A /* ViewerAccessoryGeometry.swift */,
				A39D6C3223BEB590002FD912 /* LoupeView.h */,
				A39D6C3423BEB597002FD912 /* LoupeView.m */,
			);
			name = mainWindow;
			path = Sources/Views;
			sourceTree = "<group>";
		};
		76D5AA3B0D69E3D30057EF7A /* Remote Controll Wrapper */ = {
			isa = PBXGroup;
			children = (
				76D5AA3C0D69E3FC0057EF7A /* Behaviors */,
				76D5AA3F0D69E41C0057EF7A /* Base Classes */,
				76D5AA480D69E42D0057EF7A /* Devices */,
			);
			name = "Remote Controll Wrapper";
			sourceTree = "<group>";
		};
		76D5AA3C0D69E3FC0057EF7A /* Behaviors */ = {
			isa = PBXGroup;
			children = (
				76D5AA3D0D69E3FC0057EF7A /* MultiClickRemoteBehavior.h */,
				76D5AA3E0D69E3FC0057EF7A /* MultiClickRemoteBehavior.m */,
			);
			name = Behaviors;
			path = Sources/Remote;
			sourceTree = "<group>";
		};
		76D5AA3F0D69E41C0057EF7A /* Base Classes */ = {
			isa = PBXGroup;
			children = (
				76D5AA400D69E41C0057EF7A /* RemoteControl.h */,
				76D5AA410D69E41C0057EF7A /* RemoteControl.m */,
				76D5AA420D69E41C0057EF7A /* HIDRemoteControlDevice.h */,
				76D5AA430D69E41C0057EF7A /* HIDRemoteControlDevice.m */,
			);
			name = "Base Classes";
			path = Sources/Remote;
			sourceTree = "<group>";
		};
		76D5AA480D69E42D0057EF7A /* Devices */ = {
			isa = PBXGroup;
			children = (
				76D5AA490D69E42D0057EF7A /* AppleRemote.h */,
				76D5AA4A0D69E42D0057EF7A /* AppleRemote.m */,
			);
			name = Devices;
			path = Sources/Remote;
			sourceTree = "<group>";
		};
		76EF34BA0D4CE5FD00211B2E /* image */ = {
			isa = PBXGroup;
			children = (
				7622420C095288F600C888E4 /* cross.tiff */,
				768C80120838765500E6C5C8 /* left.tiff */,
				768C802E0838777900E6C5C8 /* right.tiff */,
				76D80A340C36499800A5E84C /* up.tiff */,
				7696C3680C38EB740081E12E /* updown.tiff */,
				76A3AA6A085716BC0009D02F /* close.tiff */,
				76F33A16083727A90099A43D /* broken.png */,
				372911571316C60C0040B910 /* empty.png */,
				76A68048080A8E6E00440F6B /* icon.icns */,
				76C79A720D3CFBA30071BBF4 /* bookmark.tiff */,
				76C79A750D3CFBA30071BBF4 /* bookmark_a.tiff */,
				76C79A7C0D3CFD0C0071BBF4 /* comic.tiff */,
				76C79A7D0D3CFD0C0071BBF4 /* comic_a.tiff */,
				76C79A910D3D03360071BBF4 /* base.tiff */,
			);
			name = image;
			path = Resources/Images;
			sourceTree = "<group>";
		};
		76EF34C70D4CE64900211B2E /* Category */ = {
			isa = PBXGroup;
			children = (
				3F6343820A9B43298B5ACCB0 /* NSBezierPath_Adding.h */,
				E0003A0A3D534073B29AC5A7 /* NSBezierPath_Adding.swift */,
				76705AE40885785900FEF4E2 /* NSString_Compare.h */,
				FFA68B8189844D70B893336F /* NSString_Compare.swift */,
				1BA89CF8F4C9476896015379 /* NSDictionary_Adding.swift */,
				762259610D426E3800161AC8 /* NSNumberFormatter_Adding.h */,
				762259620D426E3800161AC8 /* NSNumberFormatter_Adding.m */,
				820C26D9FF6348CB8FD4FBEC /* NSAttributedString_Adding.h */,
				177E1B9468B04895B5CAFC6B /* NSAttributedString_Adding.swift */,
			);
			name = Category;
			path = Sources/Categories;
			sourceTree = "<group>";
		};
		A31C5A9623CA3D4700DD4E70 /* filter */ = {
			isa = PBXGroup;
			children = (
				A31C5A9723CA3D6300DD4E70 /* FilterPanelController.h */,
				A31C5A9823CA3D6300DD4E70 /* FilterPanelController.m */,
			);
			name = filter;
			path = Sources/Panels/Filter;
			sourceTree = "<group>";
		};
/* End PBXGroup section */

/* Begin PBXHeadersBuildPhase section */
		766DEF5607E5CDD80039AAD0 /* Headers */ = {
			isa = PBXHeadersBuildPhase;
			buildActionMask = 2147483647;
			files = (
				76F0929A07DBF79E00643E4F /* BookmarkController.h in Headers */,
				76EA136607E3FC39008EB0E1 /* BookmarkPanel.h in Headers */,
				76B19AC307C9C15A00A6FB97 /* Controller.h in Headers */,
				7601F5F807D5508700457A5B /* CustomImageView.h in Headers */,
				768E1DEC07CC6B740023AF61 /* CustomWindow.h in Headers */,
				76EF3E3507FC11CB008D6B37 /* FullImageView.h in Headers */,
				76EF3EF907FC33DB008D6B37 /* FullImagePanel.h in Headers */,
				A39D6C3323BEB590002FD912 /* LoupeView.h in Headers */,
				76FE6988082E4C6E00283560 /* ThumbnailController.h in Headers */,
				76D3F8D2082F6A5100B9E97E /* ThumbnailPanel.h in Headers */,
				76705AE60885785900FEF4E2 /* NSString_Compare.h in Headers */,
				76C6BEA708C2927300377076 /* PreferenceController.h in Headers */,
				76344C0A09595C74003761DA /* COImageLoader.h in Headers */,
				76B88ED1097FC1D8006DDB12 /* COPDFImage.h in Headers */,
				7655CDCF09806A8F00465FD1 /* COPDFImageRep.h in Headers */,
				766DE03809936CF5004DD915 /* COColorPopUpButton.h in Headers */,
				A31C5A9923CA3D6300DD4E70 /* FilterPanelController.h in Headers */,
				7696BFDD0C369D6F0081E12E /* COPopUpTextField.h in Headers */,
				763759390C3913050047DF92 /* ThumbnailMatrix.h in Headers */,
				762259630D426E3800161AC8 /* NSNumberFormatter_Adding.h in Headers */,
				76225B4F0D435F9400161AC8 /* XADWrapper.h in Headers */,
				76225CA40D43756000161AC8 /* XADItem.h in Headers */,
				761B469E0D61E95D00667B2A /* AccessoryView.h in Headers */,
				F094903CDAF9480A9C6912FE /* NSBezierPath_Adding.h in Headers */,
				3444741418E34476AF5EBECA /* NSAttributedString_Adding.h in Headers */,
				761B46A40D61E97900667B2A /* AccessoryWindow.h in Headers */,
				769762A70D657268009CFDBE /* AccessorySettingView.h in Headers */,
				76F2B6440D67329C003269BB /* COTextView.h in Headers */,
				76D5AA440D69E41C0057EF7A /* RemoteControl.h in Headers */,
				76D5AA460D69E41C0057EF7A /* HIDRemoteControlDevice.h in Headers */,
				76D5AA510D69E42D0057EF7A /* AppleRemote.h in Headers */,
				76E56F520D74647100128802 /* MultiClickRemoteBehavior.h in Headers */,
			);
			runOnlyForDeploymentPostprocessing = 0;
		};
/* End PBXHeadersBuildPhase section */

/* Begin PBXNativeTarget section */
		30DE82C9300F8D2200FEA0DE /* cooViewerTests */ = {
			isa = PBXNativeTarget;
			buildConfigurationList = 30DE82D4300F8D2200FEA0DE /* Build configuration list for PBXNativeTarget "cooViewerTests" */;
			buildPhases = (
				30DE82C6300F8D2200FEA0DE /* Sources */,
				30DE82C7300F8D2200FEA0DE /* Frameworks */,
				30DE82C8300F8D2200FEA0DE /* Resources */,
			);
			buildRules = (
			);
			dependencies = (
				91BF7CF84B2C4B899FFDEB97 /* PBXTargetDependency */,
			);
			fileSystemSynchronizedGroups = (
				30DE82CB300F8D2200FEA0DE /* cooViewerTests */,
			);
			name = cooViewerTests;
			packageProductDependencies = (
			);
			productName = cooViewerTests;
			productReference = 30DE82CA300F8D2200FEA0DE /* cooViewerTests.xctest */;
			productType = "com.apple.product-type.bundle.unit-test";
		};
		8D1107260486CEB800E47090 /* cooViewer */ = {
			isa = PBXNativeTarget;
			buildConfigurationList = 762F248A0899B2FD00419EAA /* Build configuration list for PBXNativeTarget "cooViewer" */;
			buildPhases = (
				766DEF5607E5CDD80039AAD0 /* Headers */,
				8D11072C0486CEB800E47090 /* Sources */,
				8D11072E0486CEB800E47090 /* Frameworks */,
				8D1107290486CEB800E47090 /* Resources */,
				76494FA507F72BC400B932D2 /* CopyFiles */,
			);
			buildRules = (
			);
			dependencies = (
			);
			name = cooViewer;
			productInstallPath = "$(HOME)/Applications";
			productName = cooViewer;
			productReference = 8D1107320486CEB800E47090 /* cooViewer.app */;
			productType = "com.apple.product-type.application";
		};
/* End PBXNativeTarget section */

/* Begin PBXProject section */
		29B97313FDCFA39411CA2CEA /* Project object */ = {
			isa = PBXProject;
			attributes = {
				LastUpgradeCheck = 1130;
				TargetAttributes = {
					30DE82C9300F8D2200FEA0DE = {
						CreatedOnToolsVersion = 26.3;
					};
				};
			};
			buildConfigurationList = 762F248E0899B2FD00419EAA /* Build configuration list for PBXProject "cooViewer" */;
			compatibilityVersion = "Xcode 3.1";
			developmentRegion = en;
			hasScannedForEncodings = 1;
			knownRegions = (
				en,
				Base,
				ja,
			);
			mainGroup = 29B97314FDCFA39411CA2CEA /* cooViewer */;
			projectDirPath = "";
			projectRoot = "";
			targets = (
				8D1107260486CEB800E47090 /* cooViewer */,
				30DE82C9300F8D2200FEA0DE /* cooViewerTests */,
			);
		};
/* End PBXProject section */

/* Begin PBXResourcesBuildPhase section */
		30DE82C8300F8D2200FEA0DE /* Resources */ = {
			isa = PBXResourcesBuildPhase;
			buildActionMask = 2147483647;
			files = (
			);
			runOnlyForDeploymentPostprocessing = 0;
		};
		8D1107290486CEB800E47090 /* Resources */ = {
			isa = PBXResourcesBuildPhase;
			buildActionMask = 2147483647;
			files = (
				7621F56808C5719B006A9301 /* InfoPlist.strings in Resources */,
				76A68049080A8E6E00440F6B /* icon.icns in Resources */,
				76F33A17083727A90099A43D /* broken.png in Resources */,
				768C80130838765500E6C5C8 /* left.tiff in Resources */,
				768C802F0838777900E6C5C8 /* right.tiff in Resources */,
				76A3AA6B085716BC0009D02F /* close.tiff in Resources */,
				7621F56D08C571A1006A9301 /* Resources/Credits.rtf in Resources */,
				7622420D095288F600C888E4 /* cross.tiff in Resources */,
				E412D4A223BE1A7400CDEAB5 /* MainMenu.xib in Resources */,
				76D80A360C36499800A5E84C /* up.tiff in Resources */,
				7696C3690C38EB740081E12E /* updown.tiff in Resources */,
				76C79A760D3CFBA30071BBF4 /* bookmark.tiff in Resources */,
				76C79A790D3CFBA30071BBF4 /* bookmark_a.tiff in Resources */,
				76C79A7E0D3CFD0C0071BBF4 /* comic.tiff in Resources */,
				76C79A7F0D3CFD0C0071BBF4 /* comic_a.tiff in Resources */,
				76C79A920D3D03360071BBF4 /* base.tiff in Resources */,
				3740B9351311708D0084326B /* Localizable.strings in Resources */,
				372911581316C60C0040B910 /* empty.png in Resources */,
			);
			runOnlyForDeploymentPostprocessing = 0;
		};
/* End PBXResourcesBuildPhase section */

/* Begin PBXSourcesBuildPhase section */
		30DE82C6300F8D2200FEA0DE /* Sources */ = {
			isa = PBXSourcesBuildPhase;
			buildActionMask = 2147483647;
			files = (
				31FD081B418E48ABA13ECEFC /* ViewerPageGeometry.swift in Sources */,
				C318570306914865BC801D07 /* ViewerRecentItems.swift in Sources */,
				25C2CAB9E2BA4BFAA4EBF2B0 /* ViewerLastPages.swift in Sources */,
				91459EC8197940869F223A11 /* ViewerBookSettingsKey.swift in Sources */,
				791D1850761348F5A17B9594 /* ViewerAccessoryGeometry.swift in Sources */,
				984B9D1FB45A481D89DDC955 /* ViewerThumbnailMangaLayout.swift in Sources */,
				5680D3FBE37D4F65917A9204 /* ViewerActionResolver.swift in Sources */,
				691E06277FDE4F3E9D57C5B4 /* ViewerSortModeTransition.swift in Sources */,
				00585B35313448F283290898 /* ViewerScrollDelta.swift in Sources */,
				1AD8F77891334D61BC0EFF90 /* ViewerFitScreenTransition.swift in Sources */,
				D64D49E4AE2641C6A72539D9 /* ViewerLoupeRate.swift in Sources */,
				CD0FD1EA63FC4C33AE62C89A /* ViewerReadMode.swift in Sources */,
				32CCDC5D18A047E0A5D0A701 /* ViewerBookmarkSearch.swift in Sources */,
				E61FF16FE11E4067B38B0226 /* ViewerPageNavigationHost.swift in Sources */,
				EE71A2C559904B638C37938C /* ViewerPageNavigation.swift in Sources */,
				C179A0F9BFD64B31A22DB0EB /* NSDictionary_Adding.swift in Sources */,
				4F815D169F52411692A9EAE7 /* NSBezierPath_Adding.swift in Sources */,
				0148FE5C5EBD467A9B564DD1 /* NSAttributedString_Adding.swift in Sources */,
				77D9DD3BE1444DA0A9B79999 /* NSString_Compare.swift in Sources */,
				646858750305401D9CDA569D /* COImageLoader.m in Sources */,
				6EACAA1DF1944C7889C55F47 /* COPDFImage.m in Sources */,
				97290FC3596143A491D2C5CB /* COPDFImageRep.m in Sources */,
				4D6361A2D0844ACDA261931A /* XADWrapper.m in Sources */,
				EB7A76F765C04375BEF74C21 /* XADItem.m in Sources */,
			);
			runOnlyForDeploymentPostprocessing = 0;
		};
		8D11072C0486CEB800E47090 /* Sources */ = {
			isa = PBXSourcesBuildPhase;
			buildActionMask = 2147483647;
			files = (
				8D11072D0486CEB800E47090 /* main.m in Sources */,
				76B19AC407C9C15A00A6FB97 /* Controller.m in Sources */,
				768E1DED07CC6B740023AF61 /* CustomWindow.m in Sources */,
				7601F5F907D5508700457A5B /* CustomImageView.m in Sources */,
				76F0929B07DBF79E00643E4F /* BookmarkController.m in Sources */,
				76EA136707E3FC39008EB0E1 /* BookmarkPanel.m in Sources */,
				76EF3E3607FC11CB008D6B37 /* FullImageView.m in Sources */,
				76EF3EFA07FC33DB008D6B37 /* FullImagePanel.m in Sources */,
				76D3F8D1082F6A5100B9E97E /* ThumbnailPanel.m in Sources */,
				862D970B2CF3409D9C9E1295 /* NSString_Compare.swift in Sources */,
				A39D6C3523BEB597002FD912 /* LoupeView.m in Sources */,
				76C6BEA808C2927300377076 /* PreferenceController.m in Sources */,
				76344C0B09595C74003761DA /* COImageLoader.m in Sources */,
				76CB9075097B9E110009A972 /* Controller_input.m in Sources */,
				76B88ED2097FC1D8006DDB12 /* COPDFImage.m in Sources */,
				7655CDD009806A8F00465FD1 /* COPDFImageRep.m in Sources */,
				766DE03909936CF5004DD915 /* COColorPopUpButton.m in Sources */,
				7696BFDE0C369D6F0081E12E /* COPopUpTextField.m in Sources */,
				7637593A0C3913050047DF92 /* ThumbnailMatrix.m in Sources */,
				763EFA1C0D3B27FB0014522D /* ThumbnailController.m in Sources */,
				762259640D426E3800161AC8 /* NSNumberFormatter_Adding.m in Sources */,
				76225B500D435F9400161AC8 /* XADWrapper.m in Sources */,
				76225CA50D43756000161AC8 /* XADItem.m in Sources */,
				761B469F0D61E95D00667B2A /* AccessoryView.m in Sources */,
				13F55E4E41A24AA19C9B9769 /* ViewerPageGeometry.swift in Sources */,
				8C98153912E84A96BE8FE104 /* ViewerRecentItems.swift in Sources */,
				3CA52062ECFE47B594B8023E /* ViewerLastPages.swift in Sources */,
				666630CF492C4086AE55A93E /* ViewerBookSettingsKey.swift in Sources */,
				6A15DCB5E75249A2BE1ED6C2 /* ViewerAccessoryGeometry.swift in Sources */,
				BC1D2703A9AA4DFB9552F1E6 /* ViewerThumbnailMangaLayout.swift in Sources */,
				D216E5475ACC4284AB36EBB1 /* ViewerSortModeTransition.swift in Sources */,
				1897CF615057443BA3A2E9B1 /* ViewerScrollDelta.swift in Sources */,
				F4B3A9CC299C4C9CAE8044D8 /* ViewerFitScreenTransition.swift in Sources */,
				656040A4BE5B434E906C786B /* ViewerLoupeRate.swift in Sources */,
				C2FCEB6DCA584E6A9AFDD0BE /* ViewerReadMode.swift in Sources */,
				BFEA125060284C3688C2CEDF /* ViewerBookmarkSearch.swift in Sources */,
				7077C9940534473D98220C5C /* ViewerPageNavigationHost.swift in Sources */,
				20F018F4A18C4012892E0E91 /* ViewerPageNavigation.swift in Sources */,
				43EF8EBCB597415C91395559 /* NSBezierPath_Adding.swift in Sources */,
				BD80065A1F404FC28C7F55C8 /* NSAttributedString_Adding.swift in Sources */,
				62DD493C50994A40BA43E38C /* ViewerActionResolver.swift in Sources */,
				A4628D60A8774FAA97251505 /* NSDictionary_Adding.swift in Sources */,
				761B46A50D61E97900667B2A /* AccessoryWindow.m in Sources */,
				A31C5A9A23CA3D6300DD4E70 /* FilterPanelController.m in Sources */,
				769762A80D657268009CFDBE /* AccessorySettingView.m in Sources */,
				76F2B6450D67329C003269BB /* COTextView.m in Sources */,
				76D5AA450D69E41C0057EF7A /* RemoteControl.m in Sources */,
				76D5AA470D69E41C0057EF7A /* HIDRemoteControlDevice.m in Sources */,
				76D5AA520D69E42D0057EF7A /* AppleRemote.m in Sources */,
				76E56F530D74647400128802 /* MultiClickRemoteBehavior.m in Sources */,
			);
			runOnlyForDeploymentPostprocessing = 0;
		};
/* End PBXSourcesBuildPhase section */

/* Begin PBXVariantGroup section */
		3740B9341311708D0084326B /* Localizable.strings */ = {
			isa = PBXVariantGroup;
			children = (
				A3582E2123BBB03500DCC566 /* en */,
				A39D6C8823BF85C4002FD912 /* ja */,
			);
			name = Localizable.strings;
			sourceTree = "<group>";
		};
		E412D4A023BE1A7400CDEAB5 /* MainMenu.xib */ = {
			isa = PBXVariantGroup;
			children = (
				A39D6C8923BF85D6002FD912 /* ja */,
				A39D6C8A23BF8667002FD912 /* Base */,
			);
			name = MainMenu.xib;
			sourceTree = "<group>";
		};
/* End PBXVariantGroup section */

/* Begin XCBuildConfiguration section */
		30DE82CE300F8D2200FEA0DE /* Development */ = {
			isa = XCBuildConfiguration;
			buildSettings = {
				BUNDLE_LOADER = "$(TEST_HOST)";
				TEST_HOST = "$(BUILT_PRODUCTS_DIR)/cooViewer.app/Contents/MacOS/cooViewer";
				FRAMEWORK_SEARCH_PATHS = (
					"$(SRCROOT)/Frameworks",
				);
				ALWAYS_SEARCH_USER_PATHS = NO;
				ASSETCATALOG_COMPILER_GENERATE_SWIFT_ASSET_SYMBOL_EXTENSIONS = YES;
				CLANG_ANALYZER_NONNULL = YES;
				CLANG_ANALYZER_NUMBER_OBJECT_CONVERSION = YES_AGGRESSIVE;
				CLANG_CXX_LANGUAGE_STANDARD = "gnu++20";
				CLANG_ENABLE_MODULES = YES;
				CLANG_ENABLE_OBJC_ARC = YES;
				CLANG_ENABLE_OBJC_WEAK = YES;
				CLANG_WARN_BLOCK_CAPTURE_AUTORELEASING = YES;
				CLANG_WARN_BOOL_CONVERSION = YES;
				CLANG_WARN_COMMA = YES;
				CLANG_WARN_CONSTANT_CONVERSION = YES;
				CLANG_WARN_DEPRECATED_OBJC_IMPLEMENTATIONS = YES;
				CLANG_WARN_DIRECT_OBJC_ISA_USAGE = YES_ERROR;
				CLANG_WARN_DOCUMENTATION_COMMENTS = YES;
				CLANG_WARN_EMPTY_BODY = YES;
				CLANG_WARN_ENUM_CONVERSION = YES;
				CLANG_WARN_INFINITE_RECURSION = YES;
				CLANG_WARN_INT_CONVERSION = YES;
				CLANG_WARN_NON_LITERAL_NULL_CONVERSION = YES;
				CLANG_WARN_OBJC_IMPLICIT_RETAIN_SELF = YES;
				CLANG_WARN_OBJC_LITERAL_CONVERSION = YES;
				CLANG_WARN_OBJC_ROOT_CLASS = YES_ERROR;
				CLANG_WARN_QUOTED_INCLUDE_IN_FRAMEWORK_HEADER = YES;
				CLANG_WARN_RANGE_LOOP_ANALYSIS = YES;
				CLANG_WARN_STRICT_PROTOTYPES = YES;
				CLANG_WARN_SUSPICIOUS_MOVE = YES;
				CLANG_WARN_UNGUARDED_AVAILABILITY = YES_AGGRESSIVE;
				CLANG_WARN_UNREACHABLE_CODE = YES;
				CLANG_WARN__DUPLICATE_METHOD_MATCH = YES;
				CODE_SIGN_STYLE = Automatic;
				COPY_PHASE_STRIP = NO;
				CURRENT_PROJECT_VERSION = 1;
				DEBUG_INFORMATION_FORMAT = dwarf;
				ENABLE_STRICT_OBJC_MSGSEND = YES;
				ENABLE_TESTABILITY = YES;
				ENABLE_USER_SCRIPT_SANDBOXING = YES;
				GCC_C_LANGUAGE_STANDARD = gnu17;
				GCC_DYNAMIC_NO_PIC = NO;
				GCC_NO_COMMON_BLOCKS = YES;
				GCC_OPTIMIZATION_LEVEL = 0;
				GCC_PREPROCESSOR_DEFINITIONS = (
					"DEBUG=1",
					"$(inherited)",
				);
				GCC_WARN_64_TO_32_BIT_CONVERSION = YES;
				GCC_WARN_ABOUT_RETURN_TYPE = YES_ERROR;
				GCC_WARN_UNDECLARED_SELECTOR = YES;
				GCC_WARN_UNINITIALIZED_AUTOS = YES_AGGRESSIVE;
				GCC_WARN_UNUSED_FUNCTION = YES;
				GCC_WARN_UNUSED_VARIABLE = YES;
				GENERATE_INFOPLIST_FILE = YES;
				LOCALIZATION_PREFERS_STRING_CATALOGS = YES;
				MACOSX_DEPLOYMENT_TARGET = 15.7;
				MARKETING_VERSION = 1.0;
				MTL_ENABLE_DEBUG_INFO = INCLUDE_SOURCE;
				MTL_FAST_MATH = YES;
				ONLY_ACTIVE_ARCH = YES;
				HEADER_SEARCH_PATHS = "$(SRCROOT)/Sources/Views";
				SWIFT_VERSION = 5.0;
				PRODUCT_BUNDLE_IDENTIFIER = jp.coo.cooViewerTests;
				PRODUCT_NAME = "$(TARGET_NAME)";
				SDKROOT = macosx;
				STRING_CATALOG_GENERATE_SYMBOLS = NO;
				SWIFT_EMIT_LOC_STRINGS = NO;
			};
			name = Development;
		};
		30DE82CF300F8D2200FEA0DE /* Deployment */ = {
			isa = XCBuildConfiguration;
			buildSettings = {
				BUNDLE_LOADER = "$(TEST_HOST)";
				TEST_HOST = "$(BUILT_PRODUCTS_DIR)/cooViewer.app/Contents/MacOS/cooViewer";
				FRAMEWORK_SEARCH_PATHS = (
					"$(SRCROOT)/Frameworks",
				);
				ASSETCATALOG_COMPILER_GENERATE_SWIFT_ASSET_SYMBOL_EXTENSIONS = YES;
				CLANG_ANALYZER_NONNULL = YES;
				CLANG_ANALYZER_NUMBER_OBJECT_CONVERSION = YES_AGGRESSIVE;
				CLANG_CXX_LANGUAGE_STANDARD = "gnu++20";
				CLANG_ENABLE_MODULES = YES;
				CLANG_ENABLE_OBJC_ARC = YES;
				CLANG_ENABLE_OBJC_WEAK = YES;
				CLANG_WARN_DIRECT_OBJC_ISA_USAGE = YES_ERROR;
				CLANG_WARN_DOCUMENTATION_COMMENTS = YES;
				CLANG_WARN_OBJC_ROOT_CLASS = YES_ERROR;
				CLANG_WARN_QUOTED_INCLUDE_IN_FRAMEWORK_HEADER = YES;
				CLANG_WARN_UNGUARDED_AVAILABILITY = YES_AGGRESSIVE;
				CODE_SIGN_STYLE = Automatic;
				COPY_PHASE_STRIP = NO;
				CURRENT_PROJECT_VERSION = 1;
				DEBUG_INFORMATION_FORMAT = "dwarf-with-dsym";
				ENABLE_NS_ASSERTIONS = NO;
				ENABLE_USER_SCRIPT_SANDBOXING = YES;
				GCC_C_LANGUAGE_STANDARD = gnu17;
				GCC_WARN_ABOUT_RETURN_TYPE = YES_ERROR;
				GCC_WARN_UNINITIALIZED_AUTOS = YES_AGGRESSIVE;
				GCC_WARN_UNUSED_VARIABLE = YES;
				GENERATE_INFOPLIST_FILE = YES;
				LOCALIZATION_PREFERS_STRING_CATALOGS = YES;
				MACOSX_DEPLOYMENT_TARGET = 15.7;
				MARKETING_VERSION = 1.0;
				MTL_ENABLE_DEBUG_INFO = NO;
				MTL_FAST_MATH = YES;
				HEADER_SEARCH_PATHS = "$(SRCROOT)/Sources/Views";
				SWIFT_VERSION = 5.0;
				PRODUCT_BUNDLE_IDENTIFIER = jp.coo.cooViewerTests;
				PRODUCT_NAME = "$(TARGET_NAME)";
				SDKROOT = macosx;
				STRING_CATALOG_GENERATE_SYMBOLS = NO;
				SWIFT_EMIT_LOC_STRINGS = NO;
			};
			name = Deployment;
		};
		30DE82D0300F8D2200FEA0DE /* Release */ = {
			isa = XCBuildConfiguration;
			buildSettings = {
				BUNDLE_LOADER = "$(TEST_HOST)";
				TEST_HOST = "$(BUILT_PRODUCTS_DIR)/cooViewer.app/Contents/MacOS/cooViewer";
				FRAMEWORK_SEARCH_PATHS = (
					"$(SRCROOT)/Frameworks",
				);
				ASSETCATALOG_COMPILER_GENERATE_SWIFT_ASSET_SYMBOL_EXTENSIONS = YES;
				CLANG_ANALYZER_NONNULL = YES;
				CLANG_ANALYZER_NUMBER_OBJECT_CONVERSION = YES_AGGRESSIVE;
				CLANG_CXX_LANGUAGE_STANDARD = "gnu++20";
				CLANG_ENABLE_MODULES = YES;
				CLANG_ENABLE_OBJC_ARC = YES;
				CLANG_ENABLE_OBJC_WEAK = YES;
				CLANG_WARN_DIRECT_OBJC_ISA_USAGE = YES_ERROR;
				CLANG_WARN_DOCUMENTATION_COMMENTS = YES;
				CLANG_WARN_OBJC_ROOT_CLASS = YES_ERROR;
				CLANG_WARN_QUOTED_INCLUDE_IN_FRAMEWORK_HEADER = YES;
				CLANG_WARN_UNGUARDED_AVAILABILITY = YES_AGGRESSIVE;
				CODE_SIGN_STYLE = Automatic;
				COPY_PHASE_STRIP = NO;
				CURRENT_PROJECT_VERSION = 1;
				DEBUG_INFORMATION_FORMAT = "dwarf-with-dsym";
				ENABLE_NS_ASSERTIONS = NO;
				ENABLE_USER_SCRIPT_SANDBOXING = YES;
				GCC_C_LANGUAGE_STANDARD = gnu17;
				GCC_WARN_ABOUT_RETURN_TYPE = YES_ERROR;
				GCC_WARN_UNINITIALIZED_AUTOS = YES_AGGRESSIVE;
				GCC_WARN_UNUSED_VARIABLE = YES;
				GENERATE_INFOPLIST_FILE = YES;
				LOCALIZATION_PREFERS_STRING_CATALOGS = YES;
				MACOSX_DEPLOYMENT_TARGET = 15.7;
				MARKETING_VERSION = 1.0;
				MTL_ENABLE_DEBUG_INFO = NO;
				MTL_FAST_MATH = YES;
				HEADER_SEARCH_PATHS = "$(SRCROOT)/Sources/Views";
				SWIFT_VERSION = 5.0;
				PRODUCT_BUNDLE_IDENTIFIER = jp.coo.cooViewerTests;
				PRODUCT_NAME = "$(TARGET_NAME)";
				SDKROOT = macosx;
				STRING_CATALOG_GENERATE_SYMBOLS = NO;
				SWIFT_EMIT_LOC_STRINGS = NO;
			};
			name = Release;
		};
		30DE82D1300F8D2200FEA0DE /* Development2 */ = {
			isa = XCBuildConfiguration;
			buildSettings = {
				BUNDLE_LOADER = "$(TEST_HOST)";
				TEST_HOST = "$(BUILT_PRODUCTS_DIR)/cooViewer.app/Contents/MacOS/cooViewer";
				FRAMEWORK_SEARCH_PATHS = (
					"$(SRCROOT)/Frameworks",
				);
				ALWAYS_SEARCH_USER_PATHS = NO;
				ASSETCATALOG_COMPILER_GENERATE_SWIFT_ASSET_SYMBOL_EXTENSIONS = YES;
				CLANG_ANALYZER_NONNULL = YES;
				CLANG_ANALYZER_NUMBER_OBJECT_CONVERSION = YES_AGGRESSIVE;
				CLANG_CXX_LANGUAGE_STANDARD = "gnu++20";
				CLANG_ENABLE_MODULES = YES;
				CLANG_ENABLE_OBJC_ARC = YES;
				CLANG_ENABLE_OBJC_WEAK = YES;
				CLANG_WARN_BLOCK_CAPTURE_AUTORELEASING = YES;
				CLANG_WARN_BOOL_CONVERSION = YES;
				CLANG_WARN_COMMA = YES;
				CLANG_WARN_CONSTANT_CONVERSION = YES;
				CLANG_WARN_DEPRECATED_OBJC_IMPLEMENTATIONS = YES;
				CLANG_WARN_DIRECT_OBJC_ISA_USAGE = YES_ERROR;
				CLANG_WARN_DOCUMENTATION_COMMENTS = YES;
				CLANG_WARN_EMPTY_BODY = YES;
				CLANG_WARN_ENUM_CONVERSION = YES;
				CLANG_WARN_INFINITE_RECURSION = YES;
				CLANG_WARN_INT_CONVERSION = YES;
				CLANG_WARN_NON_LITERAL_NULL_CONVERSION = YES;
				CLANG_WARN_OBJC_IMPLICIT_RETAIN_SELF = YES;
				CLANG_WARN_OBJC_LITERAL_CONVERSION = YES;
				CLANG_WARN_OBJC_ROOT_CLASS = YES_ERROR;
				CLANG_WARN_QUOTED_INCLUDE_IN_FRAMEWORK_HEADER = YES;
				CLANG_WARN_RANGE_LOOP_ANALYSIS = YES;
				CLANG_WARN_STRICT_PROTOTYPES = YES;
				CLANG_WARN_SUSPICIOUS_MOVE = YES;
				CLANG_WARN_UNGUARDED_AVAILABILITY = YES_AGGRESSIVE;
				CLANG_WARN_UNREACHABLE_CODE = YES;
				CLANG_WARN__DUPLICATE_METHOD_MATCH = YES;
				CODE_SIGN_STYLE = Automatic;
				COPY_PHASE_STRIP = NO;
				CURRENT_PROJECT_VERSION = 1;
				DEBUG_INFORMATION_FORMAT = dwarf;
				ENABLE_STRICT_OBJC_MSGSEND = YES;
				ENABLE_TESTABILITY = YES;
				ENABLE_USER_SCRIPT_SANDBOXING = YES;
				GCC_C_LANGUAGE_STANDARD = gnu17;
				GCC_DYNAMIC_NO_PIC = NO;
				GCC_NO_COMMON_BLOCKS = YES;
				GCC_OPTIMIZATION_LEVEL = 0;
				GCC_PREPROCESSOR_DEFINITIONS = (
					"DEBUG=1",
					"$(inherited)",
				);
				GCC_WARN_64_TO_32_BIT_CONVERSION = YES;
				GCC_WARN_ABOUT_RETURN_TYPE = YES_ERROR;
				GCC_WARN_UNDECLARED_SELECTOR = YES;
				GCC_WARN_UNINITIALIZED_AUTOS = YES_AGGRESSIVE;
				GCC_WARN_UNUSED_FUNCTION = YES;
				GCC_WARN_UNUSED_VARIABLE = YES;
				GENERATE_INFOPLIST_FILE = YES;
				LOCALIZATION_PREFERS_STRING_CATALOGS = YES;
				MACOSX_DEPLOYMENT_TARGET = 15.7;
				MARKETING_VERSION = 1.0;
				MTL_ENABLE_DEBUG_INFO = INCLUDE_SOURCE;
				MTL_FAST_MATH = YES;
				ONLY_ACTIVE_ARCH = YES;
				HEADER_SEARCH_PATHS = "$(SRCROOT)/Sources/Views";
				SWIFT_VERSION = 5.0;
				PRODUCT_BUNDLE_IDENTIFIER = jp.coo.cooViewerTests;
				PRODUCT_NAME = "$(TARGET_NAME)";
				SDKROOT = macosx;
				STRING_CATALOG_GENERATE_SYMBOLS = NO;
				SWIFT_EMIT_LOC_STRINGS = NO;
			};
			name = Development2;
		};
		30DE82D2300F8D2200FEA0DE /* Deployment2 */ = {
			isa = XCBuildConfiguration;
			buildSettings = {
				BUNDLE_LOADER = "$(TEST_HOST)";
				TEST_HOST = "$(BUILT_PRODUCTS_DIR)/cooViewer.app/Contents/MacOS/cooViewer";
				FRAMEWORK_SEARCH_PATHS = (
					"$(SRCROOT)/Frameworks",
				);
				ASSETCATALOG_COMPILER_GENERATE_SWIFT_ASSET_SYMBOL_EXTENSIONS = YES;
				CLANG_ANALYZER_NONNULL = YES;
				CLANG_ANALYZER_NUMBER_OBJECT_CONVERSION = YES_AGGRESSIVE;
				CLANG_CXX_LANGUAGE_STANDARD = "gnu++20";
				CLANG_ENABLE_MODULES = YES;
				CLANG_ENABLE_OBJC_ARC = YES;
				CLANG_ENABLE_OBJC_WEAK = YES;
				CLANG_WARN_DIRECT_OBJC_ISA_USAGE = YES_ERROR;
				CLANG_WARN_DOCUMENTATION_COMMENTS = YES;
				CLANG_WARN_OBJC_ROOT_CLASS = YES_ERROR;
				CLANG_WARN_QUOTED_INCLUDE_IN_FRAMEWORK_HEADER = YES;
				CLANG_WARN_UNGUARDED_AVAILABILITY = YES_AGGRESSIVE;
				CODE_SIGN_STYLE = Automatic;
				COPY_PHASE_STRIP = NO;
				CURRENT_PROJECT_VERSION = 1;
				DEBUG_INFORMATION_FORMAT = "dwarf-with-dsym";
				ENABLE_NS_ASSERTIONS = NO;
				ENABLE_USER_SCRIPT_SANDBOXING = YES;
				GCC_C_LANGUAGE_STANDARD = gnu17;
				GCC_WARN_ABOUT_RETURN_TYPE = YES_ERROR;
				GCC_WARN_UNINITIALIZED_AUTOS = YES_AGGRESSIVE;
				GCC_WARN_UNUSED_VARIABLE = YES;
				GENERATE_INFOPLIST_FILE = YES;
				LOCALIZATION_PREFERS_STRING_CATALOGS = YES;
				MACOSX_DEPLOYMENT_TARGET = 15.7;
				MARKETING_VERSION = 1.0;
				MTL_ENABLE_DEBUG_INFO = NO;
				MTL_FAST_MATH = YES;
				HEADER_SEARCH_PATHS = "$(SRCROOT)/Sources/Views";
				SWIFT_VERSION = 5.0;
				PRODUCT_BUNDLE_IDENTIFIER = jp.coo.cooViewerTests;
				PRODUCT_NAME = "$(TARGET_NAME)";
				SDKROOT = macosx;
				STRING_CATALOG_GENERATE_SYMBOLS = NO;
				SWIFT_EMIT_LOC_STRINGS = NO;
			};
			name = Deployment2;
		};
		30DE82D3300F8D2200FEA0DE /* Default */ = {
			isa = XCBuildConfiguration;
			buildSettings = {
				BUNDLE_LOADER = "$(TEST_HOST)";
				TEST_HOST = "$(BUILT_PRODUCTS_DIR)/cooViewer.app/Contents/MacOS/cooViewer";
				FRAMEWORK_SEARCH_PATHS = (
					"$(SRCROOT)/Frameworks",
				);
				ASSETCATALOG_COMPILER_GENERATE_SWIFT_ASSET_SYMBOL_EXTENSIONS = YES;
				CLANG_ANALYZER_NONNULL = YES;
				CLANG_ANALYZER_NUMBER_OBJECT_CONVERSION = YES_AGGRESSIVE;
				CLANG_CXX_LANGUAGE_STANDARD = "gnu++20";
				CLANG_ENABLE_MODULES = YES;
				CLANG_ENABLE_OBJC_ARC = YES;
				CLANG_ENABLE_OBJC_WEAK = YES;
				CLANG_WARN_DIRECT_OBJC_ISA_USAGE = YES_ERROR;
				CLANG_WARN_DOCUMENTATION_COMMENTS = YES;
				CLANG_WARN_OBJC_ROOT_CLASS = YES_ERROR;
				CLANG_WARN_QUOTED_INCLUDE_IN_FRAMEWORK_HEADER = YES;
				CLANG_WARN_UNGUARDED_AVAILABILITY = YES_AGGRESSIVE;
				CODE_SIGN_STYLE = Automatic;
				COPY_PHASE_STRIP = NO;
				CURRENT_PROJECT_VERSION = 1;
				DEBUG_INFORMATION_FORMAT = "dwarf-with-dsym";
				ENABLE_NS_ASSERTIONS = NO;
				ENABLE_USER_SCRIPT_SANDBOXING = YES;
				GCC_C_LANGUAGE_STANDARD = gnu17;
				GCC_WARN_ABOUT_RETURN_TYPE = YES_ERROR;
				GCC_WARN_UNINITIALIZED_AUTOS = YES_AGGRESSIVE;
				GCC_WARN_UNUSED_VARIABLE = YES;
				GENERATE_INFOPLIST_FILE = YES;
				LOCALIZATION_PREFERS_STRING_CATALOGS = YES;
				MACOSX_DEPLOYMENT_TARGET = 15.7;
				MARKETING_VERSION = 1.0;
				MTL_ENABLE_DEBUG_INFO = NO;
				MTL_FAST_MATH = YES;
				HEADER_SEARCH_PATHS = "$(SRCROOT)/Sources/Views";
				SWIFT_VERSION = 5.0;
				PRODUCT_BUNDLE_IDENTIFIER = jp.coo.cooViewerTests;
				PRODUCT_NAME = "$(TARGET_NAME)";
				SDKROOT = macosx;
				STRING_CATALOG_GENERATE_SYMBOLS = NO;
				SWIFT_EMIT_LOC_STRINGS = NO;
			};
			name = Default;
		};
		374F3E7013156FB200A5F418 /* Development2 */ = {
			isa = XCBuildConfiguration;
			buildSettings = {
				ALWAYS_SEARCH_USER_PATHS = NO;
				CLANG_ANALYZER_LOCALIZABILITY_NONLOCALIZED = YES;
				CLANG_WARN_BLOCK_CAPTURE_AUTORELEASING = YES;
				CLANG_WARN_BOOL_CONVERSION = YES;
				CLANG_WARN_COMMA = YES;
				CLANG_WARN_CONSTANT_CONVERSION = YES;
				CLANG_WARN_DEPRECATED_OBJC_IMPLEMENTATIONS = YES;
				CLANG_WARN_EMPTY_BODY = YES;
				CLANG_WARN_ENUM_CONVERSION = YES;
				CLANG_WARN_INFINITE_RECURSION = YES;
				CLANG_WARN_INT_CONVERSION = YES;
				CLANG_WARN_NON_LITERAL_NULL_CONVERSION = YES;
				CLANG_WARN_OBJC_IMPLICIT_RETAIN_SELF = YES;
				CLANG_WARN_OBJC_LITERAL_CONVERSION = YES;
				CLANG_WARN_RANGE_LOOP_ANALYSIS = YES;
				CLANG_WARN_STRICT_PROTOTYPES = YES;
				CLANG_WARN_SUSPICIOUS_MOVE = YES;
				CLANG_WARN_UNREACHABLE_CODE = YES;
				CLANG_WARN__DUPLICATE_METHOD_MATCH = YES;
				ENABLE_STRICT_OBJC_MSGSEND = YES;
				ENABLE_TESTABILITY = YES;
				GCC_C_LANGUAGE_STANDARD = "compiler-default";
				GCC_INCREASE_PRECOMPILED_HEADER_SHARING = NO;
				GCC_NO_COMMON_BLOCKS = YES;
				GCC_OPTIMIZATION_LEVEL = 0;
				GCC_PREFIX_HEADER = "";
				GCC_WARN_64_TO_32_BIT_CONVERSION = YES;
				GCC_WARN_ABOUT_RETURN_TYPE = NO;
				GCC_WARN_UNDECLARED_SELECTOR = YES;
				GCC_WARN_UNINITIALIZED_AUTOS = YES;
				GCC_WARN_UNUSED_FUNCTION = YES;
				GCC_WARN_UNUSED_VARIABLE = NO;
				MACOSX_DEPLOYMENT_TARGET = 10.14;
				ONLY_ACTIVE_ARCH = YES;
				SYMROOT = build/;
				ZERO_LINK = YES;
			};
			name = Development2;
		};
		374F3E7113156FB200A5F418 /* Development2 */ = {
			isa = XCBuildConfiguration;
			buildSettings = {
				CLANG_ENABLE_OBJC_WEAK = YES;
				CODE_SIGN_IDENTITY = "";
				COPY_PHASE_STRIP = NO;
				CURRENT_PROJECT_VERSION = 1.5.0;
				FRAMEWORK_SEARCH_PATHS = (
					"$(FRAMEWORK_SEARCH_PATHS_QUOTED_1)",
					/Library/Frameworks,
					"\"$(SRCROOT)\"",
				);
				FRAMEWORK_SEARCH_PATHS_QUOTED_1 = "\"$(SRCROOT)/Frameworks\"";
				GCC_DYNAMIC_NO_PIC = NO;
				GCC_ENABLE_OBJC_EXCEPTIONS = YES;
				GCC_GENERATE_DEBUGGING_SYMBOLS = YES;
				GCC_PRECOMPILE_PREFIX_HEADER = YES;
				GCC_PREFIX_HEADER = cooViewer_Prefix.pch;
				GCC_WARN_ABOUT_RETURN_TYPE = NO;
				GCC_WARN_UNUSED_FUNCTION = NO;
				GCC_WARN_UNUSED_LABEL = NO;
				GCC_WARN_UNUSED_PARAMETER = NO;
				GCC_WARN_UNUSED_VALUE = NO;
				GCC_WARN_UNUSED_VARIABLE = YES;
				HEADER_SEARCH_PATHS = "";
				INFOPLIST_FILE = info.plist;
				OTHER_CFLAGS = "";
				OTHER_LDFLAGS = "";
				CLANG_ENABLE_MODULES = YES;
				SWIFT_OBJC_BRIDGING_HEADER = "Sources/cooViewer-Bridging-Header.h";
				SWIFT_VERSION = 5.0;
				PRODUCT_BUNDLE_IDENTIFIER = jp.coo.cooViewer;
				PRODUCT_NAME = cooViewer;
				ZERO_LINK = YES;
			};
			name = Development2;
		};
		37B6C4E21310189B00C624DE /* Development */ = {
			isa = XCBuildConfiguration;
			buildSettings = {
				ALWAYS_SEARCH_USER_PATHS = NO;
				CLANG_ANALYZER_LOCALIZABILITY_NONLOCALIZED = YES;
				CLANG_WARN_BLOCK_CAPTURE_AUTORELEASING = YES;
				CLANG_WARN_BOOL_CONVERSION = YES;
				CLANG_WARN_COMMA = YES;
				CLANG_WARN_CONSTANT_CONVERSION = YES;
				CLANG_WARN_DEPRECATED_OBJC_IMPLEMENTATIONS = YES;
				CLANG_WARN_EMPTY_BODY = YES;
				CLANG_WARN_ENUM_CONVERSION = YES;
				CLANG_WARN_INFINITE_RECURSION = YES;
				CLANG_WARN_INT_CONVERSION = YES;
				CLANG_WARN_NON_LITERAL_NULL_CONVERSION = YES;
				CLANG_WARN_OBJC_IMPLICIT_RETAIN_SELF = YES;
				CLANG_WARN_OBJC_LITERAL_CONVERSION = YES;
				CLANG_WARN_RANGE_LOOP_ANALYSIS = YES;
				CLANG_WARN_STRICT_PROTOTYPES = YES;
				CLANG_WARN_SUSPICIOUS_MOVE = YES;
				CLANG_WARN_UNREACHABLE_CODE = YES;
				CLANG_WARN__DUPLICATE_METHOD_MATCH = YES;
				ENABLE_STRICT_OBJC_MSGSEND = YES;
				ENABLE_TESTABILITY = YES;
				GCC_NO_COMMON_BLOCKS = YES;
				GCC_OPTIMIZATION_LEVEL = 0;
				GCC_WARN_64_TO_32_BIT_CONVERSION = YES;
				GCC_WARN_UNDECLARED_SELECTOR = YES;
				GCC_WARN_UNINITIALIZED_AUTOS = YES;
				GCC_WARN_UNUSED_FUNCTION = YES;
				MACOSX_DEPLOYMENT_TARGET = 10.14;
				ONLY_ACTIVE_ARCH = YES;
				SYMROOT = build/;
				ZERO_LINK = YES;
			};
			name = Development;
		};
		37B6C4E31310189B00C624DE /* Development */ = {
			isa = XCBuildConfiguration;
			buildSettings = {
				CLANG_ENABLE_OBJC_WEAK = YES;
				CODE_SIGN_IDENTITY = "";
				COPY_PHASE_STRIP = NO;
				CURRENT_PROJECT_VERSION = 1.5.0;
				FRAMEWORK_SEARCH_PATHS = (
					"$(FRAMEWORK_SEARCH_PATHS_QUOTED_1)",
					"\"$(SRCROOT)\"",
				);
				FRAMEWORK_SEARCH_PATHS_QUOTED_1 = "\"$(SRCROOT)/Frameworks\"";
				GCC_ENABLE_OBJC_EXCEPTIONS = YES;
				GCC_GENERATE_DEBUGGING_SYMBOLS = YES;
				GCC_OPTIMIZATION_LEVEL = 0;
				GCC_PRECOMPILE_PREFIX_HEADER = YES;
				GCC_PREFIX_HEADER = cooViewer_Prefix.pch;
				GCC_WARN_ABOUT_RETURN_TYPE = NO;
				GCC_WARN_UNUSED_FUNCTION = NO;
				GCC_WARN_UNUSED_LABEL = NO;
				GCC_WARN_UNUSED_PARAMETER = NO;
				GCC_WARN_UNUSED_VALUE = NO;
				HEADER_SEARCH_PATHS = "";
				INFOPLIST_FILE = info.plist;
				OTHER_CFLAGS = "";
				OTHER_LDFLAGS = "";
				CLANG_ENABLE_MODULES = YES;
				SWIFT_OBJC_BRIDGING_HEADER = "Sources/cooViewer-Bridging-Header.h";
				SWIFT_VERSION = 5.0;
				PRODUCT_BUNDLE_IDENTIFIER = jp.coo.cooViewer;
				PRODUCT_NAME = cooViewer;
				ZERO_LINK = YES;
			};
			name = Development;
		};
		37BB543D1312C431001710B4 /* Deployment2 */ = {
			isa = XCBuildConfiguration;
			buildSettings = {
				ALWAYS_SEARCH_USER_PATHS = NO;
				CLANG_ANALYZER_LOCALIZABILITY_NONLOCALIZED = YES;
				CLANG_WARN_BLOCK_CAPTURE_AUTORELEASING = YES;
				CLANG_WARN_BOOL_CONVERSION = YES;
				CLANG_WARN_COMMA = YES;
				CLANG_WARN_CONSTANT_CONVERSION = YES;
				CLANG_WARN_DEPRECATED_OBJC_IMPLEMENTATIONS = YES;
				CLANG_WARN_EMPTY_BODY = YES;
				CLANG_WARN_ENUM_CONVERSION = YES;
				CLANG_WARN_INFINITE_RECURSION = YES;
				CLANG_WARN_INT_CONVERSION = YES;
				CLANG_WARN_NON_LITERAL_NULL_CONVERSION = YES;
				CLANG_WARN_OBJC_IMPLICIT_RETAIN_SELF = YES;
				CLANG_WARN_OBJC_LITERAL_CONVERSION = YES;
				CLANG_WARN_RANGE_LOOP_ANALYSIS = YES;
				CLANG_WARN_STRICT_PROTOTYPES = YES;
				CLANG_WARN_SUSPICIOUS_MOVE = YES;
				CLANG_WARN_UNREACHABLE_CODE = YES;
				CLANG_WARN__DUPLICATE_METHOD_MATCH = YES;
				ENABLE_STRICT_OBJC_MSGSEND = YES;
				GCC_INCREASE_PRECOMPILED_HEADER_SHARING = YES;
				GCC_NO_COMMON_BLOCKS = YES;
				GCC_PREFIX_HEADER = cooViewer_Prefix.pch;
				GCC_WARN_64_TO_32_BIT_CONVERSION = YES;
				GCC_WARN_ABOUT_RETURN_TYPE = YES;
				GCC_WARN_UNDECLARED_SELECTOR = YES;
				GCC_WARN_UNINITIALIZED_AUTOS = YES;
				GCC_WARN_UNUSED_FUNCTION = YES;
				GCC_WARN_UNUSED_VARIABLE = NO;
				MACOSX_DEPLOYMENT_TARGET = 10.14;
				SYMROOT = build/;
				ZERO_LINK = YES;
			};
			name = Deployment2;
		};
		37BB543E1312C431001710B4 /* Deployment2 */ = {
			isa = XCBuildConfiguration;
			buildSettings = {
				CLANG_ENABLE_OBJC_WEAK = YES;
				CODE_SIGN_IDENTITY = "";
				COPY_PHASE_STRIP = NO;
				CURRENT_PROJECT_VERSION = 1.5.0;
				FRAMEWORK_SEARCH_PATHS = (
					"$(FRAMEWORK_SEARCH_PATHS_QUOTED_1)",
					/Library/Frameworks,
					"\"$(SRCROOT)\"",
				);
				FRAMEWORK_SEARCH_PATHS_QUOTED_1 = "\"$(SRCROOT)/Frameworks\"";
				GCC_ENABLE_OBJC_EXCEPTIONS = YES;
				GCC_GENERATE_DEBUGGING_SYMBOLS = NO;
				GCC_PRECOMPILE_PREFIX_HEADER = NO;
				GCC_PREFIX_HEADER = cooViewer_Prefix.pch;
				GCC_WARN_ABOUT_RETURN_TYPE = YES;
				GCC_WARN_UNUSED_FUNCTION = NO;
				GCC_WARN_UNUSED_LABEL = NO;
				GCC_WARN_UNUSED_PARAMETER = NO;
				GCC_WARN_UNUSED_VALUE = NO;
				GCC_WARN_UNUSED_VARIABLE = YES;
				HEADER_SEARCH_PATHS = "";
				INFOPLIST_FILE = info.plist;
				OTHER_CFLAGS = "";
				OTHER_LDFLAGS = "";
				CLANG_ENABLE_MODULES = YES;
				SWIFT_OBJC_BRIDGING_HEADER = "Sources/cooViewer-Bridging-Header.h";
				SWIFT_VERSION = 5.0;
				PRODUCT_BUNDLE_IDENTIFIER = jp.coo.cooViewer;
				PRODUCT_NAME = cooViewer;
				ZERO_LINK = NO;
			};
			name = Deployment2;
		};
		762F248C0899B2FD00419EAA /* Deployment */ = {
			isa = XCBuildConfiguration;
			buildSettings = {
				CLANG_ENABLE_OBJC_WEAK = YES;
				CODE_SIGN_IDENTITY = "";
				COPY_PHASE_STRIP = NO;
				CURRENT_PROJECT_VERSION = 1.5.0;
				FRAMEWORK_SEARCH_PATHS = (
					"$(FRAMEWORK_SEARCH_PATHS_QUOTED_1)",
					"\"$(SRCROOT)\"",
				);
				FRAMEWORK_SEARCH_PATHS_QUOTED_1 = "\"$(SRCROOT)/Frameworks\"";
				GCC_ENABLE_OBJC_EXCEPTIONS = YES;
				GCC_GENERATE_DEBUGGING_SYMBOLS = NO;
				GCC_PRECOMPILE_PREFIX_HEADER = YES;
				GCC_PREFIX_HEADER = cooViewer_Prefix.pch;
				GCC_WARN_ABOUT_RETURN_TYPE = NO;
				GCC_WARN_UNUSED_FUNCTION = NO;
				GCC_WARN_UNUSED_LABEL = NO;
				GCC_WARN_UNUSED_PARAMETER = NO;
				GCC_WARN_UNUSED_VALUE = NO;
				HEADER_SEARCH_PATHS = "";
				INFOPLIST_FILE = info.plist;
				OTHER_CFLAGS = "";
				OTHER_LDFLAGS = "";
				CLANG_ENABLE_MODULES = YES;
				SWIFT_OBJC_BRIDGING_HEADER = "Sources/cooViewer-Bridging-Header.h";
				SWIFT_VERSION = 5.0;
				PRODUCT_BUNDLE_IDENTIFIER = jp.coo.cooViewer;
				PRODUCT_NAME = cooViewer;
				ZERO_LINK = NO;
			};
			name = Deployment;
		};
		762F248D0899B2FD00419EAA /* Default */ = {
			isa = XCBuildConfiguration;
			buildSettings = {
				CLANG_ENABLE_OBJC_WEAK = YES;
				CODE_SIGN_IDENTITY = "";
				CURRENT_PROJECT_VERSION = 1.5.0;
				FRAMEWORK_SEARCH_PATHS = (
					"$(FRAMEWORK_SEARCH_PATHS_QUOTED_1)",
					"\"$(SRCROOT)\"",
				);
				FRAMEWORK_SEARCH_PATHS_QUOTED_1 = "\"$(SRCROOT)/Frameworks\"";
				GCC_ENABLE_OBJC_EXCEPTIONS = NO;
				GCC_PRECOMPILE_PREFIX_HEADER = YES;
				GCC_PREFIX_HEADER = cooViewer_Prefix.pch;
				INFOPLIST_FILE = info.plist;
				OTHER_CFLAGS = "";
				OTHER_LDFLAGS = "";
				CLANG_ENABLE_MODULES = YES;
				SWIFT_OBJC_BRIDGING_HEADER = "Sources/cooViewer-Bridging-Header.h";
				SWIFT_VERSION = 5.0;
				PRODUCT_BUNDLE_IDENTIFIER = jp.coo.cooViewer;
				PRODUCT_NAME = cooViewer;
			};
			name = Default;
		};
		762F24900899B2FD00419EAA /* Deployment */ = {
			isa = XCBuildConfiguration;
			buildSettings = {
				ALWAYS_SEARCH_USER_PATHS = NO;
				CLANG_ANALYZER_LOCALIZABILITY_NONLOCALIZED = YES;
				CLANG_WARN_BLOCK_CAPTURE_AUTORELEASING = YES;
				CLANG_WARN_BOOL_CONVERSION = YES;
				CLANG_WARN_COMMA = YES;
				CLANG_WARN_CONSTANT_CONVERSION = YES;
				CLANG_WARN_DEPRECATED_OBJC_IMPLEMENTATIONS = YES;
				CLANG_WARN_EMPTY_BODY = YES;
				CLANG_WARN_ENUM_CONVERSION = YES;
				CLANG_WARN_INFINITE_RECURSION = YES;
				CLANG_WARN_INT_CONVERSION = YES;
				CLANG_WARN_NON_LITERAL_NULL_CONVERSION = YES;
				CLANG_WARN_OBJC_IMPLICIT_RETAIN_SELF = YES;
				CLANG_WARN_OBJC_LITERAL_CONVERSION = YES;
				CLANG_WARN_RANGE_LOOP_ANALYSIS = YES;
				CLANG_WARN_STRICT_PROTOTYPES = YES;
				CLANG_WARN_SUSPICIOUS_MOVE = YES;
				CLANG_WARN_UNREACHABLE_CODE = YES;
				CLANG_WARN__DUPLICATE_METHOD_MATCH = YES;
				ENABLE_STRICT_OBJC_MSGSEND = YES;
				GCC_NO_COMMON_BLOCKS = YES;
				GCC_WARN_64_TO_32_BIT_CONVERSION = YES;
				GCC_WARN_UNDECLARED_SELECTOR = YES;
				GCC_WARN_UNINITIALIZED_AUTOS = YES;
				GCC_WARN_UNUSED_FUNCTION = YES;
				MACOSX_DEPLOYMENT_TARGET = 10.14;
				SYMROOT = build/;
			};
			name = Deployment;
		};
		762F24910899B2FD00419EAA /* Default */ = {
			isa = XCBuildConfiguration;
			buildSettings = {
				ALWAYS_SEARCH_USER_PATHS = NO;
				CLANG_ANALYZER_LOCALIZABILITY_NONLOCALIZED = YES;
				CLANG_WARN_BLOCK_CAPTURE_AUTORELEASING = YES;
				CLANG_WARN_BOOL_CONVERSION = YES;
				CLANG_WARN_COMMA = YES;
				CLANG_WARN_CONSTANT_CONVERSION = YES;
				CLANG_WARN_DEPRECATED_OBJC_IMPLEMENTATIONS = YES;
				CLANG_WARN_EMPTY_BODY = YES;
				CLANG_WARN_ENUM_CONVERSION = YES;
				CLANG_WARN_INFINITE_RECURSION = YES;
				CLANG_WARN_INT_CONVERSION = YES;
				CLANG_WARN_NON_LITERAL_NULL_CONVERSION = YES;
				CLANG_WARN_OBJC_IMPLICIT_RETAIN_SELF = YES;
				CLANG_WARN_OBJC_LITERAL_CONVERSION = YES;
				CLANG_WARN_RANGE_LOOP_ANALYSIS = YES;
				CLANG_WARN_STRICT_PROTOTYPES = YES;
				CLANG_WARN_SUSPICIOUS_MOVE = YES;
				CLANG_WARN_UNREACHABLE_CODE = YES;
				CLANG_WARN__DUPLICATE_METHOD_MATCH = YES;
				ENABLE_STRICT_OBJC_MSGSEND = YES;
				GCC_NO_COMMON_BLOCKS = YES;
				GCC_WARN_64_TO_32_BIT_CONVERSION = YES;
				GCC_WARN_UNDECLARED_SELECTOR = YES;
				GCC_WARN_UNINITIALIZED_AUTOS = YES;
				GCC_WARN_UNUSED_FUNCTION = YES;
				MACOSX_DEPLOYMENT_TARGET = 10.14;
				SYMROOT = build/;
			};
			name = Default;
		};
		801A716EF26F461EAC61875E /* Release */ = {
			isa = XCBuildConfiguration;
			buildSettings = {
				CLANG_ENABLE_OBJC_WEAK = YES;
				CODE_SIGN_IDENTITY = "";
				COPY_PHASE_STRIP = NO;
				CURRENT_PROJECT_VERSION = 1.5.0;
				FRAMEWORK_SEARCH_PATHS = (
					"$(FRAMEWORK_SEARCH_PATHS_QUOTED_1)",
					"\"$(SRCROOT)\"",
				);
				FRAMEWORK_SEARCH_PATHS_QUOTED_1 = "\"$(SRCROOT)/Frameworks\"";
				GCC_ENABLE_OBJC_EXCEPTIONS = YES;
				GCC_GENERATE_DEBUGGING_SYMBOLS = NO;
				GCC_PRECOMPILE_PREFIX_HEADER = YES;
				GCC_PREFIX_HEADER = cooViewer_Prefix.pch;
				GCC_WARN_ABOUT_RETURN_TYPE = NO;
				GCC_WARN_UNUSED_FUNCTION = NO;
				GCC_WARN_UNUSED_LABEL = NO;
				GCC_WARN_UNUSED_PARAMETER = NO;
				GCC_WARN_UNUSED_VALUE = NO;
				HEADER_SEARCH_PATHS = "";
				INFOPLIST_FILE = info.plist;
				OTHER_CFLAGS = "";
				OTHER_LDFLAGS = "";
				CLANG_ENABLE_MODULES = YES;
				SWIFT_OBJC_BRIDGING_HEADER = "Sources/cooViewer-Bridging-Header.h";
				SWIFT_VERSION = 5.0;
				PRODUCT_BUNDLE_IDENTIFIER = jp.coo.cooViewer;
				PRODUCT_NAME = cooViewer;
				ZERO_LINK = NO;
			};
			name = Release;
		};
		9B90A317AB5F4B0B9D90E667 /* Release */ = {
			isa = XCBuildConfiguration;
			buildSettings = {
				ALWAYS_SEARCH_USER_PATHS = NO;
				CLANG_ANALYZER_LOCALIZABILITY_NONLOCALIZED = YES;
				CLANG_WARN_BLOCK_CAPTURE_AUTORELEASING = YES;
				CLANG_WARN_BOOL_CONVERSION = YES;
				CLANG_WARN_COMMA = YES;
				CLANG_WARN_CONSTANT_CONVERSION = YES;
				CLANG_WARN_DEPRECATED_OBJC_IMPLEMENTATIONS = YES;
				CLANG_WARN_EMPTY_BODY = YES;
				CLANG_WARN_ENUM_CONVERSION = YES;
				CLANG_WARN_INFINITE_RECURSION = YES;
				CLANG_WARN_INT_CONVERSION = YES;
				CLANG_WARN_NON_LITERAL_NULL_CONVERSION = YES;
				CLANG_WARN_OBJC_IMPLICIT_RETAIN_SELF = YES;
				CLANG_WARN_OBJC_LITERAL_CONVERSION = YES;
				CLANG_WARN_RANGE_LOOP_ANALYSIS = YES;
				CLANG_WARN_STRICT_PROTOTYPES = YES;
				CLANG_WARN_SUSPICIOUS_MOVE = YES;
				CLANG_WARN_UNREACHABLE_CODE = YES;
				CLANG_WARN__DUPLICATE_METHOD_MATCH = YES;
				ENABLE_STRICT_OBJC_MSGSEND = YES;
				GCC_NO_COMMON_BLOCKS = YES;
				GCC_WARN_64_TO_32_BIT_CONVERSION = YES;
				GCC_WARN_UNDECLARED_SELECTOR = YES;
				GCC_WARN_UNINITIALIZED_AUTOS = YES;
				GCC_WARN_UNUSED_FUNCTION = YES;
				MACOSX_DEPLOYMENT_TARGET = 10.14;
				SYMROOT = build/;
			};
			name = Release;
		};
/* End XCBuildConfiguration section */

/* Begin XCConfigurationList section */
		30DE82D4300F8D2200FEA0DE /* Build configuration list for PBXNativeTarget "cooViewerTests" */ = {
			isa = XCConfigurationList;
			buildConfigurations = (
				30DE82CE300F8D2200FEA0DE /* Development */,
				30DE82CF300F8D2200FEA0DE /* Deployment */,
				30DE82D0300F8D2200FEA0DE /* Release */,
				30DE82D1300F8D2200FEA0DE /* Development2 */,
				30DE82D2300F8D2200FEA0DE /* Deployment2 */,
				30DE82D3300F8D2200FEA0DE /* Default */,
			);
			defaultConfigurationIsVisible = 0;
			defaultConfigurationName = Default;
		};
		762F248A0899B2FD00419EAA /* Build configuration list for PBXNativeTarget "cooViewer" */ = {
			isa = XCConfigurationList;
			buildConfigurations = (
				37B6C4E31310189B00C624DE /* Development */,
				762F248C0899B2FD00419EAA /* Deployment */,
				801A716EF26F461EAC61875E /* Release */,
				374F3E7113156FB200A5F418 /* Development2 */,
				37BB543E1312C431001710B4 /* Deployment2 */,
				762F248D0899B2FD00419EAA /* Default */,
			);
			defaultConfigurationIsVisible = 0;
			defaultConfigurationName = Default;
		};
		762F248E0899B2FD00419EAA /* Build configuration list for PBXProject "cooViewer" */ = {
			isa = XCConfigurationList;
			buildConfigurations = (
				37B6C4E21310189B00C624DE /* Development */,
				762F24900899B2FD00419EAA /* Deployment */,
				9B90A317AB5F4B0B9D90E667 /* Release */,
				374F3E7013156FB200A5F418 /* Development2 */,
				37BB543D1312C431001710B4 /* Deployment2 */,
				762F24910899B2FD00419EAA /* Default */,
			);
			defaultConfigurationIsVisible = 0;
			defaultConfigurationName = Default;
		};
/* End XCConfigurationList section */
	};
	rootObject = 29B97313FDCFA39411CA2CEA /* Project object */;
}
